
Microsoft Visual Studio Solution File, Format Version 12.00
# Visual Studio Version 17
VisualStudioVersion = 17.14.36121.58 d17.14
MinimumVisualStudioVersion = 10.0.40219.1
Project("{FAE04EC0-301F-11D3-BF4B-00C04F79EFBC}") = "01 - 1 - Bsasic Knowledge Assign Prac", "01 - 1 - Bsasic Knowledge Assign Prac\01 - 1 - Bsasic Knowledge Assign Prac.csproj", "{35B69503-28E8-401F-B21F-FBBBBA3E7B58}"
EndProject
Project("{FAE04EC0-301F-11D3-BF4B-00C04F79EFBC}") = "01 - 2 - Small console Game MapPlayer", "01 - 2 - Small console Game MapPlayer\01 - 2 - Small console Game MapPlayer.csproj", "{C771635F-9CC8-4A95-9AC6-467FE2B8BB38}"
EndProject
Global
	GlobalSection(SolutionConfigurationPlatforms) = preSolution
		Debug|Any CPU = Debug|Any CPU
		Release|Any CPU = Release|Any CPU
	EndGlobalSection
	GlobalSection(ProjectConfigurationPlatforms) = postSolution
		{35B69503-28E8-401F-B21F-FBBBBA3E7B58}.Debug|Any CPU.ActiveCfg = Debug|Any CPU
		{35B69503-28E8-401F-B21F-FBBBBA3E7B58}.Debug|Any CPU.Build.0 = Debug|Any CPU
		{35B69503-28E8-401F-B21F-FBBBBA3E7B58}.Release|Any CPU.ActiveCfg = Release|Any CPU
		{35B69503-28E8-401F-B21F-FBBBBA3E7B58}.Release|Any CPU.Build.0 = Release|Any CPU
		{C771635F-9CC8-4A95-9AC6-467FE2B8BB38}.Debug|Any CPU.ActiveCfg = Debug|Any CPU
		{C771635F-9CC8-4A95-9AC6-467FE2B8BB38}.Debug|Any CPU.Build.0 = Debug|Any CPU
		{C771635F-9CC8-4A95-9AC6-467FE2B8BB38}.Release|Any CPU.ActiveCfg = Release|Any CPU
		{C771635F-9CC8-4A95-9AC6-467FE2B8BB38}.Release|Any CPU.Build.0 = Release|Any CPU
	EndGlobalSection
	GlobalSection(SolutionProperties) = preSolution
		HideSolutionNode = FALSE
	EndGlobalSection
	GlobalSection(ExtensibilityGlobals) = postSolution
		SolutionGuid = {775A585C-560D-4C04-AC70-F77C3C8EA7E4}
	EndGlobalSection
EndGlobal
