
Microsoft Visual Studio Solution File, Format Version 12.00
# Visual Studio Version 17
VisualStudioVersion = 17.10.34916.146
MinimumVisualStudioVersion = 10.0.40219.1
Project("{9A19103F-16F7-4668-BE54-9A1E7A4F7556}") = "04Variable0210", "..\Variable0210\04Variable0210.csproj", "{A10E2200-4404-4E44-B4BE-F0C2936387B5}"
EndProject
Project("{9A19103F-16F7-4668-BE54-9A1E7A4F7556}") = "05NamingConvention0210", "..\NamingConvention0210\05NamingConvention0210.csproj", "{200A9C06-F55B-4FD4-BB66-90ACC02D3E1D}"
EndProject
Project("{9A19103F-16F7-4668-BE54-9A1E7A4F7556}") = "06Operator", "..\06AssignmentOperator\06Operator.csproj", "{A5E0651D-64DA-4495-999E-693DF45FBA0B}"
EndProject
Project("{9A19103F-16F7-4668-BE54-9A1E7A4F7556}") = "07PlaceHolder", "..\07PlaceHolder\07PlaceHolder.csproj", "{D1225F48-A373-470D-8809-1CB214D32AD7}"
EndProject
Project("{9A19103F-16F7-4668-BE54-9A1E7A4F7556}") = "08转义符", "..\08转义符\08转义符.csproj", "{F1E06A36-86B7-4349-A25C-8E4C98677EB1}"
EndProject
Project("{9A19103F-16F7-4668-BE54-9A1E7A4F7556}") = "09复杂运算符++", "..\09复杂运算符\09复杂运算符++.csproj", "{66A72710-EE9C-43FE-885B-8C1A4CEEC246}"
EndProject
Project("{9A19103F-16F7-4668-BE54-9A1E7A4F7556}") = "10关系运算符&逻辑表达式", "..\10关系运算符\10关系运算符&逻辑表达式.csproj", "{5B6854BD-1105-4317-BED2-661E530C79BF}"
EndProject
Project("{9A19103F-16F7-4668-BE54-9A1E7A4F7556}") = "11IfElse", "..\11IfElse\11IfElse.csproj", "{BD3782C9-8833-46F6-B2CD-ACAAEE7A5440}"
EndProject
Project("{9A19103F-16F7-4668-BE54-9A1E7A4F7556}") = "13循环练习", "..\12循环练习\13循环练习.csproj", "{50723F96-26C3-4E4F-AA58-BFDEF0B422E0}"
EndProject
Project("{9A19103F-16F7-4668-BE54-9A1E7A4F7556}") = "12选择结构", "..\12选择结构\12选择结构.csproj", "{F5AE662A-78A4-458C-8D69-744CFB9C3A00}"
EndProject
Project("{9A19103F-16F7-4668-BE54-9A1E7A4F7556}") = "14循环嵌套", "..\14循环嵌套\14循环嵌套.csproj", "{55ABE929-B423-4092-B903-4B20FB463F86}"
EndProject
Project("{9A19103F-16F7-4668-BE54-9A1E7A4F7556}") = "20参数类型", "..\100参数类型\20参数类型.csproj", "{3E8F7BC0-DB6D-4CDA-BC43-65CC168C7918}"
EndProject
Project("{9A19103F-16F7-4668-BE54-9A1E7A4F7556}") = "15异常捕获", "..\15异常捕获\15异常捕获.csproj", "{462AFD2E-EE14-4729-BCAC-74FA8F76F733}"
EndProject
Project("{9A19103F-16F7-4668-BE54-9A1E7A4F7556}") = "16常量", "..\16常量\16常量.csproj", "{90CE5800-3344-4DF9-A520-0F4EC95E91B1}"
EndProject
Project("{9A19103F-16F7-4668-BE54-9A1E7A4F7556}") = "17枚举", "..\17枚举\17枚举.csproj", "{EC810D5A-6317-49C0-A5AE-D5ADDE63C1CB}"
EndProject
Project("{9A19103F-16F7-4668-BE54-9A1E7A4F7556}") = "18数组", "..\18数组\18数组.csproj", "{1FD1E386-40A3-452D-A91B-185F98781F82}"
EndProject
Project("{9A19103F-16F7-4668-BE54-9A1E7A4F7556}") = "19方法", "..\19方法\19方法.csproj", "{D5501693-842B-4E10-82C9-6DF0B6B3A55F}"
EndProject
Project("{9A19103F-16F7-4668-BE54-9A1E7A4F7556}") = "21方法-求两个整数最大值", "..\21方法-求两个整数最大值\21方法-求两个整数最大值.csproj", "{2BAE69C3-67CF-4DE8-B2E0-BB1188C40DB2}"
EndProject
Project("{9A19103F-16F7-4668-BE54-9A1E7A4F7556}") = "三个方法应用", "..\三个方法应用\三个方法应用.csproj", "{E715D892-EB86-4077-948E-A239AFC98501}"
EndProject
Project("{9A19103F-16F7-4668-BE54-9A1E7A4F7556}") = "类型转换", "..\类型转换\类型转换.csproj", "{93E0EF44-F411-4181-B292-8884A9C537C6}"
EndProject
Project("{9A19103F-16F7-4668-BE54-9A1E7A4F7556}") = "Break,Contiue,Return", "..\Break,Contiue,Return\Break,Contiue,Return.csproj", "{BBA65D54-2025-4C48-A9A7-30D62238580C}"
EndProject
Project("{9A19103F-16F7-4668-BE54-9A1E7A4F7556}") = "180多维数组", "..\180多维数组\180多维数组.csproj", "{52D1C52C-46A7-403F-A48F-CFBE9F2BAA60}"
EndProject
Project("{9A19103F-16F7-4668-BE54-9A1E7A4F7556}") = "210为什么用out,ref", "..\为什么用out,ref\210为什么用out,ref.csproj", "{94B11C09-6D6E-4E1C-86DD-AC8B9B515987}"
EndProject
Project("{9A19103F-16F7-4668-BE54-9A1E7A4F7556}") = "211可变参数", "..\211可变参数\211可变参数.csproj", "{D2EE3F82-1FBA-420F-9C06-F709751ED95B}"
EndProject
Global
	GlobalSection(SolutionConfigurationPlatforms) = preSolution
		Debug|Any CPU = Debug|Any CPU
		Release|Any CPU = Release|Any CPU
	EndGlobalSection
	GlobalSection(ProjectConfigurationPlatforms) = postSolution
		{A10E2200-4404-4E44-B4BE-F0C2936387B5}.Debug|Any CPU.ActiveCfg = Debug|Any CPU
		{A10E2200-4404-4E44-B4BE-F0C2936387B5}.Debug|Any CPU.Build.0 = Debug|Any CPU
		{A10E2200-4404-4E44-B4BE-F0C2936387B5}.Release|Any CPU.ActiveCfg = Release|Any CPU
		{A10E2200-4404-4E44-B4BE-F0C2936387B5}.Release|Any CPU.Build.0 = Release|Any CPU
		{200A9C06-F55B-4FD4-BB66-90ACC02D3E1D}.Debug|Any CPU.ActiveCfg = Debug|Any CPU
		{200A9C06-F55B-4FD4-BB66-90ACC02D3E1D}.Debug|Any CPU.Build.0 = Debug|Any CPU
		{200A9C06-F55B-4FD4-BB66-90ACC02D3E1D}.Release|Any CPU.ActiveCfg = Release|Any CPU
		{200A9C06-F55B-4FD4-BB66-90ACC02D3E1D}.Release|Any CPU.Build.0 = Release|Any CPU
		{A5E0651D-64DA-4495-999E-693DF45FBA0B}.Debug|Any CPU.ActiveCfg = Debug|Any CPU
		{A5E0651D-64DA-4495-999E-693DF45FBA0B}.Debug|Any CPU.Build.0 = Debug|Any CPU
		{A5E0651D-64DA-4495-999E-693DF45FBA0B}.Release|Any CPU.ActiveCfg = Release|Any CPU
		{A5E0651D-64DA-4495-999E-693DF45FBA0B}.Release|Any CPU.Build.0 = Release|Any CPU
		{D1225F48-A373-470D-8809-1CB214D32AD7}.Debug|Any CPU.ActiveCfg = Debug|Any CPU
		{D1225F48-A373-470D-8809-1CB214D32AD7}.Debug|Any CPU.Build.0 = Debug|Any CPU
		{D1225F48-A373-470D-8809-1CB214D32AD7}.Release|Any CPU.ActiveCfg = Release|Any CPU
		{D1225F48-A373-470D-8809-1CB214D32AD7}.Release|Any CPU.Build.0 = Release|Any CPU
		{F1E06A36-86B7-4349-A25C-8E4C98677EB1}.Debug|Any CPU.ActiveCfg = Debug|Any CPU
		{F1E06A36-86B7-4349-A25C-8E4C98677EB1}.Debug|Any CPU.Build.0 = Debug|Any CPU
		{F1E06A36-86B7-4349-A25C-8E4C98677EB1}.Release|Any CPU.ActiveCfg = Release|Any CPU
		{F1E06A36-86B7-4349-A25C-8E4C98677EB1}.Release|Any CPU.Build.0 = Release|Any CPU
		{66A72710-EE9C-43FE-885B-8C1A4CEEC246}.Debug|Any CPU.ActiveCfg = Debug|Any CPU
		{66A72710-EE9C-43FE-885B-8C1A4CEEC246}.Debug|Any CPU.Build.0 = Debug|Any CPU
		{66A72710-EE9C-43FE-885B-8C1A4CEEC246}.Release|Any CPU.ActiveCfg = Release|Any CPU
		{66A72710-EE9C-43FE-885B-8C1A4CEEC246}.Release|Any CPU.Build.0 = Release|Any CPU
		{5B6854BD-1105-4317-BED2-661E530C79BF}.Debug|Any CPU.ActiveCfg = Debug|Any CPU
		{5B6854BD-1105-4317-BED2-661E530C79BF}.Debug|Any CPU.Build.0 = Debug|Any CPU
		{5B6854BD-1105-4317-BED2-661E530C79BF}.Release|Any CPU.ActiveCfg = Release|Any CPU
		{5B6854BD-1105-4317-BED2-661E530C79BF}.Release|Any CPU.Build.0 = Release|Any CPU
		{BD3782C9-8833-46F6-B2CD-ACAAEE7A5440}.Debug|Any CPU.ActiveCfg = Debug|Any CPU
		{BD3782C9-8833-46F6-B2CD-ACAAEE7A5440}.Debug|Any CPU.Build.0 = Debug|Any CPU
		{BD3782C9-8833-46F6-B2CD-ACAAEE7A5440}.Release|Any CPU.ActiveCfg = Release|Any CPU
		{BD3782C9-8833-46F6-B2CD-ACAAEE7A5440}.Release|Any CPU.Build.0 = Release|Any CPU
		{50723F96-26C3-4E4F-AA58-BFDEF0B422E0}.Debug|Any CPU.ActiveCfg = Debug|Any CPU
		{50723F96-26C3-4E4F-AA58-BFDEF0B422E0}.Debug|Any CPU.Build.0 = Debug|Any CPU
		{50723F96-26C3-4E4F-AA58-BFDEF0B422E0}.Release|Any CPU.ActiveCfg = Release|Any CPU
		{50723F96-26C3-4E4F-AA58-BFDEF0B422E0}.Release|Any CPU.Build.0 = Release|Any CPU
		{F5AE662A-78A4-458C-8D69-744CFB9C3A00}.Debug|Any CPU.ActiveCfg = Debug|Any CPU
		{F5AE662A-78A4-458C-8D69-744CFB9C3A00}.Debug|Any CPU.Build.0 = Debug|Any CPU
		{F5AE662A-78A4-458C-8D69-744CFB9C3A00}.Release|Any CPU.ActiveCfg = Release|Any CPU
		{F5AE662A-78A4-458C-8D69-744CFB9C3A00}.Release|Any CPU.Build.0 = Release|Any CPU
		{55ABE929-B423-4092-B903-4B20FB463F86}.Debug|Any CPU.ActiveCfg = Debug|Any CPU
		{55ABE929-B423-4092-B903-4B20FB463F86}.Debug|Any CPU.Build.0 = Debug|Any CPU
		{55ABE929-B423-4092-B903-4B20FB463F86}.Release|Any CPU.ActiveCfg = Release|Any CPU
		{55ABE929-B423-4092-B903-4B20FB463F86}.Release|Any CPU.Build.0 = Release|Any CPU
		{3E8F7BC0-DB6D-4CDA-BC43-65CC168C7918}.Debug|Any CPU.ActiveCfg = Debug|Any CPU
		{3E8F7BC0-DB6D-4CDA-BC43-65CC168C7918}.Debug|Any CPU.Build.0 = Debug|Any CPU
		{3E8F7BC0-DB6D-4CDA-BC43-65CC168C7918}.Release|Any CPU.ActiveCfg = Release|Any CPU
		{3E8F7BC0-DB6D-4CDA-BC43-65CC168C7918}.Release|Any CPU.Build.0 = Release|Any CPU
		{462AFD2E-EE14-4729-BCAC-74FA8F76F733}.Debug|Any CPU.ActiveCfg = Debug|Any CPU
		{462AFD2E-EE14-4729-BCAC-74FA8F76F733}.Debug|Any CPU.Build.0 = Debug|Any CPU
		{462AFD2E-EE14-4729-BCAC-74FA8F76F733}.Release|Any CPU.ActiveCfg = Release|Any CPU
		{462AFD2E-EE14-4729-BCAC-74FA8F76F733}.Release|Any CPU.Build.0 = Release|Any CPU
		{90CE5800-3344-4DF9-A520-0F4EC95E91B1}.Debug|Any CPU.ActiveCfg = Debug|Any CPU
		{90CE5800-3344-4DF9-A520-0F4EC95E91B1}.Debug|Any CPU.Build.0 = Debug|Any CPU
		{90CE5800-3344-4DF9-A520-0F4EC95E91B1}.Release|Any CPU.ActiveCfg = Release|Any CPU
		{90CE5800-3344-4DF9-A520-0F4EC95E91B1}.Release|Any CPU.Build.0 = Release|Any CPU
		{EC810D5A-6317-49C0-A5AE-D5ADDE63C1CB}.Debug|Any CPU.ActiveCfg = Debug|Any CPU
		{EC810D5A-6317-49C0-A5AE-D5ADDE63C1CB}.Debug|Any CPU.Build.0 = Debug|Any CPU
		{EC810D5A-6317-49C0-A5AE-D5ADDE63C1CB}.Release|Any CPU.ActiveCfg = Release|Any CPU
		{EC810D5A-6317-49C0-A5AE-D5ADDE63C1CB}.Release|Any CPU.Build.0 = Release|Any CPU
		{1FD1E386-40A3-452D-A91B-185F98781F82}.Debug|Any CPU.ActiveCfg = Debug|Any CPU
		{1FD1E386-40A3-452D-A91B-185F98781F82}.Debug|Any CPU.Build.0 = Debug|Any CPU
		{1FD1E386-40A3-452D-A91B-185F98781F82}.Release|Any CPU.ActiveCfg = Release|Any CPU
		{1FD1E386-40A3-452D-A91B-185F98781F82}.Release|Any CPU.Build.0 = Release|Any CPU
		{D5501693-842B-4E10-82C9-6DF0B6B3A55F}.Debug|Any CPU.ActiveCfg = Debug|Any CPU
		{D5501693-842B-4E10-82C9-6DF0B6B3A55F}.Debug|Any CPU.Build.0 = Debug|Any CPU
		{D5501693-842B-4E10-82C9-6DF0B6B3A55F}.Release|Any CPU.ActiveCfg = Release|Any CPU
		{D5501693-842B-4E10-82C9-6DF0B6B3A55F}.Release|Any CPU.Build.0 = Release|Any CPU
		{2BAE69C3-67CF-4DE8-B2E0-BB1188C40DB2}.Debug|Any CPU.ActiveCfg = Debug|Any CPU
		{2BAE69C3-67CF-4DE8-B2E0-BB1188C40DB2}.Debug|Any CPU.Build.0 = Debug|Any CPU
		{2BAE69C3-67CF-4DE8-B2E0-BB1188C40DB2}.Release|Any CPU.ActiveCfg = Release|Any CPU
		{2BAE69C3-67CF-4DE8-B2E0-BB1188C40DB2}.Release|Any CPU.Build.0 = Release|Any CPU
		{E715D892-EB86-4077-948E-A239AFC98501}.Debug|Any CPU.ActiveCfg = Debug|Any CPU
		{E715D892-EB86-4077-948E-A239AFC98501}.Debug|Any CPU.Build.0 = Debug|Any CPU
		{E715D892-EB86-4077-948E-A239AFC98501}.Release|Any CPU.ActiveCfg = Release|Any CPU
		{E715D892-EB86-4077-948E-A239AFC98501}.Release|Any CPU.Build.0 = Release|Any CPU
		{93E0EF44-F411-4181-B292-8884A9C537C6}.Debug|Any CPU.ActiveCfg = Debug|Any CPU
		{93E0EF44-F411-4181-B292-8884A9C537C6}.Debug|Any CPU.Build.0 = Debug|Any CPU
		{93E0EF44-F411-4181-B292-8884A9C537C6}.Release|Any CPU.ActiveCfg = Release|Any CPU
		{93E0EF44-F411-4181-B292-8884A9C537C6}.Release|Any CPU.Build.0 = Release|Any CPU
		{BBA65D54-2025-4C48-A9A7-30D62238580C}.Debug|Any CPU.ActiveCfg = Debug|Any CPU
		{BBA65D54-2025-4C48-A9A7-30D62238580C}.Debug|Any CPU.Build.0 = Debug|Any CPU
		{BBA65D54-2025-4C48-A9A7-30D62238580C}.Release|Any CPU.ActiveCfg = Release|Any CPU
		{BBA65D54-2025-4C48-A9A7-30D62238580C}.Release|Any CPU.Build.0 = Release|Any CPU
		{52D1C52C-46A7-403F-A48F-CFBE9F2BAA60}.Debug|Any CPU.ActiveCfg = Debug|Any CPU
		{52D1C52C-46A7-403F-A48F-CFBE9F2BAA60}.Debug|Any CPU.Build.0 = Debug|Any CPU
		{52D1C52C-46A7-403F-A48F-CFBE9F2BAA60}.Release|Any CPU.ActiveCfg = Release|Any CPU
		{52D1C52C-46A7-403F-A48F-CFBE9F2BAA60}.Release|Any CPU.Build.0 = Release|Any CPU
		{94B11C09-6D6E-4E1C-86DD-AC8B9B515987}.Debug|Any CPU.ActiveCfg = Debug|Any CPU
		{94B11C09-6D6E-4E1C-86DD-AC8B9B515987}.Debug|Any CPU.Build.0 = Debug|Any CPU
		{94B11C09-6D6E-4E1C-86DD-AC8B9B515987}.Release|Any CPU.ActiveCfg = Release|Any CPU
		{94B11C09-6D6E-4E1C-86DD-AC8B9B515987}.Release|Any CPU.Build.0 = Release|Any CPU
		{D2EE3F82-1FBA-420F-9C06-F709751ED95B}.Debug|Any CPU.ActiveCfg = Debug|Any CPU
		{D2EE3F82-1FBA-420F-9C06-F709751ED95B}.Debug|Any CPU.Build.0 = Debug|Any CPU
		{D2EE3F82-1FBA-420F-9C06-F709751ED95B}.Release|Any CPU.ActiveCfg = Release|Any CPU
		{D2EE3F82-1FBA-420F-9C06-F709751ED95B}.Release|Any CPU.Build.0 = Release|Any CPU
	EndGlobalSection
	GlobalSection(SolutionProperties) = preSolution
		HideSolutionNode = FALSE
	EndGlobalSection
	GlobalSection(ExtensibilityGlobals) = postSolution
		SolutionGuid = {9DB24703-AA51-4B69-89F3-B5456F4CDC10}
	EndGlobalSection
EndGlobal
