
Microsoft Visual Studio Solution File, Format Version 12.00
# Visual Studio Version 17
VisualStudioVersion = 17.0.31903.59
MinimumVisualStudioVersion = 10.0.40219.1
Project("{FAE04EC0-301F-11D3-BF4B-00C04F79EFBC}") = "100ParameterTypes", "100ParameterTypes\100ParameterTypes.csproj", "{FF550020-1F6B-467C-9BD2-D0381E036AC9}"
EndProject
Project("{FAE04EC0-301F-11D3-BF4B-00C04F79EFBC}") = "15ExceptionHandling", "15ExceptionHandling\15ExceptionHandling.csproj", "{94402EB2-291E-480E-8CD8-64C52D2C9AF6}"
EndProject
Project("{FAE04EC0-301F-11D3-BF4B-00C04F79EFBC}") = "16Constants", "16Constants\16Constants.csproj", "{28A30B98-1A55-4FB8-B71A-792D1A561DF7}"
EndProject
Project("{FAE04EC0-301F-11D3-BF4B-00C04F79EFBC}") = "17Enumerations", "17Enumerations\17Enumerations.csproj", "{2C2B49AC-2F47-4FEE-87E0-EC92AFEFACAD}"
EndProject
Project("{FAE04EC0-301F-11D3-BF4B-00C04F79EFBC}") = "180MultidimensionalArrays", "180MultidimensionalArrays\180MultidimensionalArrays.csproj", "{ED6F3017-4479-4C8F-8C11-3D4741B216AD}"
EndProject
Project("{FAE04EC0-301F-11D3-BF4B-00C04F79EFBC}") = "18Arrays", "18Arrays\18Arrays.csproj", "{A04A40AB-5EBF-496F-A21B-C4259C6F599A}"
EndProject
Project("{FAE04EC0-301F-11D3-BF4B-00C04F79EFBC}") = "19Methods", "19Methods\19Methods.csproj", "{95074989-4928-4D43-9ADA-53F96AB692C6}"
EndProject
Project("{FAE04EC0-301F-11D3-BF4B-00C04F79EFBC}") = "211VariableParameters", "211VariableParameters\211VariableParameters.csproj", "{FCCE8E71-80AF-4B74-B0FF-A211391A7EA7}"
EndProject
Project("{FAE04EC0-301F-11D3-BF4B-00C04F79EFBC}") = "21Methods-FindMaxOfTwoIntegers", "21Methods-FindMaxOfTwoIntegers\21Methods-FindMaxOfTwoIntegers.csproj", "{27FECF8B-9CA9-4AAB-91C6-7117DB1DB8D1}"
EndProject
Project("{FAE04EC0-301F-11D3-BF4B-00C04F79EFBC}") = "Break,Contiue,Return", "Break,Contiue,Return\Break,Contiue,Return.csproj", "{D7A1333F-B03B-4852-9EFB-E7E1916C4394}"
EndProject
Project("{FAE04EC0-301F-11D3-BF4B-00C04F79EFBC}") = "ThreeMethodApplications", "ThreeMethodApplications\ThreeMethodApplications.csproj", "{55626912-DCE1-4030-AB87-1820F99CCF1D}"
EndProject
Project("{FAE04EC0-301F-11D3-BF4B-00C04F79EFBC}") = "WhyUseOutRef", "WhyUseOutRef\WhyUseOutRef.csproj", "{4518CFB2-BBB3-4E70-816E-BBD0508333A0}"
EndProject
Project("{FAE04EC0-301F-11D3-BF4B-00C04F79EFBC}") = "02 - Variables", "02 - variables\02 - Variables.csproj", "{EFA0623D-EADE-4966-A3AA-9298752F6327}"
EndProject
Project("{FAE04EC0-301F-11D3-BF4B-00C04F79EFBC}") = "01 - HelloWorld", "01 - HelloWorld\01 - HelloWorld.csproj", "{6B71A144-7F46-406C-85E6-DE0EB18FA001}"
EndProject
Project("{FAE04EC0-301F-11D3-BF4B-00C04F79EFBC}") = "03 - StringAndFormat", "03 - StringAndFormat\03 - StringAndFormat.csproj", "{A95117CB-830B-4434-B61F-CDE60ACA52FA}"
EndProject
Project("{FAE04EC0-301F-11D3-BF4B-00C04F79EFBC}") = "04 - EscapeCharacters", "04 - EscapeCharacters\04 - EscapeCharacters.csproj", "{E1255B6F-6865-48C9-A8C9-9FA11F12C52A}"
EndProject
Project("{FAE04EC0-301F-11D3-BF4B-00C04F79EFBC}") = "05 - Operators", "05 - Operators\05 - Operators.csproj", "{21D790CA-5BED-49D1-95B4-DF68FE561C25}"
EndProject
Project("{FAE04EC0-301F-11D3-BF4B-00C04F79EFBC}") = "06 - TypeConversion", "06 - TypeConversion\06 - TypeConversion.csproj", "{DFC2D47D-F167-408B-99C7-F54034C230C7}"
EndProject
Project("{FAE04EC0-301F-11D3-BF4B-00C04F79EFBC}") = "07 - Conditions&Selection", "07 - Conditions\07 - Conditions&Selection.csproj", "{A8A1CDB1-DF3F-4B34-8510-E5D8B72BCD01}"
EndProject
Project("{FAE04EC0-301F-11D3-BF4B-00C04F79EFBC}") = "08 - Loop", "08 - Loop\08 - Loop.csproj", "{61C763A1-3545-454D-8098-8C306336EB08}"
EndProject
Global
	GlobalSection(SolutionConfigurationPlatforms) = preSolution
		Debug|Any CPU = Debug|Any CPU
		Debug|x64 = Debug|x64
		Debug|x86 = Debug|x86
		Release|Any CPU = Release|Any CPU
		Release|x64 = Release|x64
		Release|x86 = Release|x86
	EndGlobalSection
	GlobalSection(ProjectConfigurationPlatforms) = postSolution
		{FF550020-1F6B-467C-9BD2-D0381E036AC9}.Debug|Any CPU.ActiveCfg = Debug|Any CPU
		{FF550020-1F6B-467C-9BD2-D0381E036AC9}.Debug|Any CPU.Build.0 = Debug|Any CPU
		{FF550020-1F6B-467C-9BD2-D0381E036AC9}.Debug|x64.ActiveCfg = Debug|Any CPU
		{FF550020-1F6B-467C-9BD2-D0381E036AC9}.Debug|x64.Build.0 = Debug|Any CPU
		{FF550020-1F6B-467C-9BD2-D0381E036AC9}.Debug|x86.ActiveCfg = Debug|Any CPU
		{FF550020-1F6B-467C-9BD2-D0381E036AC9}.Debug|x86.Build.0 = Debug|Any CPU
		{FF550020-1F6B-467C-9BD2-D0381E036AC9}.Release|Any CPU.ActiveCfg = Release|Any CPU
		{FF550020-1F6B-467C-9BD2-D0381E036AC9}.Release|Any CPU.Build.0 = Release|Any CPU
		{FF550020-1F6B-467C-9BD2-D0381E036AC9}.Release|x64.ActiveCfg = Release|Any CPU
		{FF550020-1F6B-467C-9BD2-D0381E036AC9}.Release|x64.Build.0 = Release|Any CPU
		{FF550020-1F6B-467C-9BD2-D0381E036AC9}.Release|x86.ActiveCfg = Release|Any CPU
		{FF550020-1F6B-467C-9BD2-D0381E036AC9}.Release|x86.Build.0 = Release|Any CPU
		{94402EB2-291E-480E-8CD8-64C52D2C9AF6}.Debug|Any CPU.ActiveCfg = Debug|Any CPU
		{94402EB2-291E-480E-8CD8-64C52D2C9AF6}.Debug|Any CPU.Build.0 = Debug|Any CPU
		{94402EB2-291E-480E-8CD8-64C52D2C9AF6}.Debug|x64.ActiveCfg = Debug|Any CPU
		{94402EB2-291E-480E-8CD8-64C52D2C9AF6}.Debug|x64.Build.0 = Debug|Any CPU
		{94402EB2-291E-480E-8CD8-64C52D2C9AF6}.Debug|x86.ActiveCfg = Debug|Any CPU
		{94402EB2-291E-480E-8CD8-64C52D2C9AF6}.Debug|x86.Build.0 = Debug|Any CPU
		{94402EB2-291E-480E-8CD8-64C52D2C9AF6}.Release|Any CPU.ActiveCfg = Release|Any CPU
		{94402EB2-291E-480E-8CD8-64C52D2C9AF6}.Release|Any CPU.Build.0 = Release|Any CPU
		{94402EB2-291E-480E-8CD8-64C52D2C9AF6}.Release|x64.ActiveCfg = Release|Any CPU
		{94402EB2-291E-480E-8CD8-64C52D2C9AF6}.Release|x64.Build.0 = Release|Any CPU
		{94402EB2-291E-480E-8CD8-64C52D2C9AF6}.Release|x86.ActiveCfg = Release|Any CPU
		{94402EB2-291E-480E-8CD8-64C52D2C9AF6}.Release|x86.Build.0 = Release|Any CPU
		{28A30B98-1A55-4FB8-B71A-792D1A561DF7}.Debug|Any CPU.ActiveCfg = Debug|Any CPU
		{28A30B98-1A55-4FB8-B71A-792D1A561DF7}.Debug|Any CPU.Build.0 = Debug|Any CPU
		{28A30B98-1A55-4FB8-B71A-792D1A561DF7}.Debug|x64.ActiveCfg = Debug|Any CPU
		{28A30B98-1A55-4FB8-B71A-792D1A561DF7}.Debug|x64.Build.0 = Debug|Any CPU
		{28A30B98-1A55-4FB8-B71A-792D1A561DF7}.Debug|x86.ActiveCfg = Debug|Any CPU
		{28A30B98-1A55-4FB8-B71A-792D1A561DF7}.Debug|x86.Build.0 = Debug|Any CPU
		{28A30B98-1A55-4FB8-B71A-792D1A561DF7}.Release|Any CPU.ActiveCfg = Release|Any CPU
		{28A30B98-1A55-4FB8-B71A-792D1A561DF7}.Release|Any CPU.Build.0 = Release|Any CPU
		{28A30B98-1A55-4FB8-B71A-792D1A561DF7}.Release|x64.ActiveCfg = Release|Any CPU
		{28A30B98-1A55-4FB8-B71A-792D1A561DF7}.Release|x64.Build.0 = Release|Any CPU
		{28A30B98-1A55-4FB8-B71A-792D1A561DF7}.Release|x86.ActiveCfg = Release|Any CPU
		{28A30B98-1A55-4FB8-B71A-792D1A561DF7}.Release|x86.Build.0 = Release|Any CPU
		{2C2B49AC-2F47-4FEE-87E0-EC92AFEFACAD}.Debug|Any CPU.ActiveCfg = Debug|Any CPU
		{2C2B49AC-2F47-4FEE-87E0-EC92AFEFACAD}.Debug|Any CPU.Build.0 = Debug|Any CPU
		{2C2B49AC-2F47-4FEE-87E0-EC92AFEFACAD}.Debug|x64.ActiveCfg = Debug|Any CPU
		{2C2B49AC-2F47-4FEE-87E0-EC92AFEFACAD}.Debug|x64.Build.0 = Debug|Any CPU
		{2C2B49AC-2F47-4FEE-87E0-EC92AFEFACAD}.Debug|x86.ActiveCfg = Debug|Any CPU
		{2C2B49AC-2F47-4FEE-87E0-EC92AFEFACAD}.Debug|x86.Build.0 = Debug|Any CPU
		{2C2B49AC-2F47-4FEE-87E0-EC92AFEFACAD}.Release|Any CPU.ActiveCfg = Release|Any CPU
		{2C2B49AC-2F47-4FEE-87E0-EC92AFEFACAD}.Release|Any CPU.Build.0 = Release|Any CPU
		{2C2B49AC-2F47-4FEE-87E0-EC92AFEFACAD}.Release|x64.ActiveCfg = Release|Any CPU
		{2C2B49AC-2F47-4FEE-87E0-EC92AFEFACAD}.Release|x64.Build.0 = Release|Any CPU
		{2C2B49AC-2F47-4FEE-87E0-EC92AFEFACAD}.Release|x86.ActiveCfg = Release|Any CPU
		{2C2B49AC-2F47-4FEE-87E0-EC92AFEFACAD}.Release|x86.Build.0 = Release|Any CPU
		{ED6F3017-4479-4C8F-8C11-3D4741B216AD}.Debug|Any CPU.ActiveCfg = Debug|Any CPU
		{ED6F3017-4479-4C8F-8C11-3D4741B216AD}.Debug|Any CPU.Build.0 = Debug|Any CPU
		{ED6F3017-4479-4C8F-8C11-3D4741B216AD}.Debug|x64.ActiveCfg = Debug|Any CPU
		{ED6F3017-4479-4C8F-8C11-3D4741B216AD}.Debug|x64.Build.0 = Debug|Any CPU
		{ED6F3017-4479-4C8F-8C11-3D4741B216AD}.Debug|x86.ActiveCfg = Debug|Any CPU
		{ED6F3017-4479-4C8F-8C11-3D4741B216AD}.Debug|x86.Build.0 = Debug|Any CPU
		{ED6F3017-4479-4C8F-8C11-3D4741B216AD}.Release|Any CPU.ActiveCfg = Release|Any CPU
		{ED6F3017-4479-4C8F-8C11-3D4741B216AD}.Release|Any CPU.Build.0 = Release|Any CPU
		{ED6F3017-4479-4C8F-8C11-3D4741B216AD}.Release|x64.ActiveCfg = Release|Any CPU
		{ED6F3017-4479-4C8F-8C11-3D4741B216AD}.Release|x64.Build.0 = Release|Any CPU
		{ED6F3017-4479-4C8F-8C11-3D4741B216AD}.Release|x86.ActiveCfg = Release|Any CPU
		{ED6F3017-4479-4C8F-8C11-3D4741B216AD}.Release|x86.Build.0 = Release|Any CPU
		{A04A40AB-5EBF-496F-A21B-C4259C6F599A}.Debug|Any CPU.ActiveCfg = Debug|Any CPU
		{A04A40AB-5EBF-496F-A21B-C4259C6F599A}.Debug|Any CPU.Build.0 = Debug|Any CPU
		{A04A40AB-5EBF-496F-A21B-C4259C6F599A}.Debug|x64.ActiveCfg = Debug|Any CPU
		{A04A40AB-5EBF-496F-A21B-C4259C6F599A}.Debug|x64.Build.0 = Debug|Any CPU
		{A04A40AB-5EBF-496F-A21B-C4259C6F599A}.Debug|x86.ActiveCfg = Debug|Any CPU
		{A04A40AB-5EBF-496F-A21B-C4259C6F599A}.Debug|x86.Build.0 = Debug|Any CPU
		{A04A40AB-5EBF-496F-A21B-C4259C6F599A}.Release|Any CPU.ActiveCfg = Release|Any CPU
		{A04A40AB-5EBF-496F-A21B-C4259C6F599A}.Release|Any CPU.Build.0 = Release|Any CPU
		{A04A40AB-5EBF-496F-A21B-C4259C6F599A}.Release|x64.ActiveCfg = Release|Any CPU
		{A04A40AB-5EBF-496F-A21B-C4259C6F599A}.Release|x64.Build.0 = Release|Any CPU
		{A04A40AB-5EBF-496F-A21B-C4259C6F599A}.Release|x86.ActiveCfg = Release|Any CPU
		{A04A40AB-5EBF-496F-A21B-C4259C6F599A}.Release|x86.Build.0 = Release|Any CPU
		{95074989-4928-4D43-9ADA-53F96AB692C6}.Debug|Any CPU.ActiveCfg = Debug|Any CPU
		{95074989-4928-4D43-9ADA-53F96AB692C6}.Debug|Any CPU.Build.0 = Debug|Any CPU
		{95074989-4928-4D43-9ADA-53F96AB692C6}.Debug|x64.ActiveCfg = Debug|Any CPU
		{95074989-4928-4D43-9ADA-53F96AB692C6}.Debug|x64.Build.0 = Debug|Any CPU
		{95074989-4928-4D43-9ADA-53F96AB692C6}.Debug|x86.ActiveCfg = Debug|Any CPU
		{95074989-4928-4D43-9ADA-53F96AB692C6}.Debug|x86.Build.0 = Debug|Any CPU
		{95074989-4928-4D43-9ADA-53F96AB692C6}.Release|Any CPU.ActiveCfg = Release|Any CPU
		{95074989-4928-4D43-9ADA-53F96AB692C6}.Release|Any CPU.Build.0 = Release|Any CPU
		{95074989-4928-4D43-9ADA-53F96AB692C6}.Release|x64.ActiveCfg = Release|Any CPU
		{95074989-4928-4D43-9ADA-53F96AB692C6}.Release|x64.Build.0 = Release|Any CPU
		{95074989-4928-4D43-9ADA-53F96AB692C6}.Release|x86.ActiveCfg = Release|Any CPU
		{95074989-4928-4D43-9ADA-53F96AB692C6}.Release|x86.Build.0 = Release|Any CPU
		{FCCE8E71-80AF-4B74-B0FF-A211391A7EA7}.Debug|Any CPU.ActiveCfg = Debug|Any CPU
		{FCCE8E71-80AF-4B74-B0FF-A211391A7EA7}.Debug|Any CPU.Build.0 = Debug|Any CPU
		{FCCE8E71-80AF-4B74-B0FF-A211391A7EA7}.Debug|x64.ActiveCfg = Debug|Any CPU
		{FCCE8E71-80AF-4B74-B0FF-A211391A7EA7}.Debug|x64.Build.0 = Debug|Any CPU
		{FCCE8E71-80AF-4B74-B0FF-A211391A7EA7}.Debug|x86.ActiveCfg = Debug|Any CPU
		{FCCE8E71-80AF-4B74-B0FF-A211391A7EA7}.Debug|x86.Build.0 = Debug|Any CPU
		{FCCE8E71-80AF-4B74-B0FF-A211391A7EA7}.Release|Any CPU.ActiveCfg = Release|Any CPU
		{FCCE8E71-80AF-4B74-B0FF-A211391A7EA7}.Release|Any CPU.Build.0 = Release|Any CPU
		{FCCE8E71-80AF-4B74-B0FF-A211391A7EA7}.Release|x64.ActiveCfg = Release|Any CPU
		{FCCE8E71-80AF-4B74-B0FF-A211391A7EA7}.Release|x64.Build.0 = Release|Any CPU
		{FCCE8E71-80AF-4B74-B0FF-A211391A7EA7}.Release|x86.ActiveCfg = Release|Any CPU
		{FCCE8E71-80AF-4B74-B0FF-A211391A7EA7}.Release|x86.Build.0 = Release|Any CPU
		{27FECF8B-9CA9-4AAB-91C6-7117DB1DB8D1}.Debug|Any CPU.ActiveCfg = Debug|Any CPU
		{27FECF8B-9CA9-4AAB-91C6-7117DB1DB8D1}.Debug|Any CPU.Build.0 = Debug|Any CPU
		{27FECF8B-9CA9-4AAB-91C6-7117DB1DB8D1}.Debug|x64.ActiveCfg = Debug|Any CPU
		{27FECF8B-9CA9-4AAB-91C6-7117DB1DB8D1}.Debug|x64.Build.0 = Debug|Any CPU
		{27FECF8B-9CA9-4AAB-91C6-7117DB1DB8D1}.Debug|x86.ActiveCfg = Debug|Any CPU
		{27FECF8B-9CA9-4AAB-91C6-7117DB1DB8D1}.Debug|x86.Build.0 = Debug|Any CPU
		{27FECF8B-9CA9-4AAB-91C6-7117DB1DB8D1}.Release|Any CPU.ActiveCfg = Release|Any CPU
		{27FECF8B-9CA9-4AAB-91C6-7117DB1DB8D1}.Release|Any CPU.Build.0 = Release|Any CPU
		{27FECF8B-9CA9-4AAB-91C6-7117DB1DB8D1}.Release|x64.ActiveCfg = Release|Any CPU
		{27FECF8B-9CA9-4AAB-91C6-7117DB1DB8D1}.Release|x64.Build.0 = Release|Any CPU
		{27FECF8B-9CA9-4AAB-91C6-7117DB1DB8D1}.Release|x86.ActiveCfg = Release|Any CPU
		{27FECF8B-9CA9-4AAB-91C6-7117DB1DB8D1}.Release|x86.Build.0 = Release|Any CPU
		{D7A1333F-B03B-4852-9EFB-E7E1916C4394}.Debug|Any CPU.ActiveCfg = Debug|Any CPU
		{D7A1333F-B03B-4852-9EFB-E7E1916C4394}.Debug|Any CPU.Build.0 = Debug|Any CPU
		{D7A1333F-B03B-4852-9EFB-E7E1916C4394}.Debug|x64.ActiveCfg = Debug|Any CPU
		{D7A1333F-B03B-4852-9EFB-E7E1916C4394}.Debug|x64.Build.0 = Debug|Any CPU
		{D7A1333F-B03B-4852-9EFB-E7E1916C4394}.Debug|x86.ActiveCfg = Debug|Any CPU
		{D7A1333F-B03B-4852-9EFB-E7E1916C4394}.Debug|x86.Build.0 = Debug|Any CPU
		{D7A1333F-B03B-4852-9EFB-E7E1916C4394}.Release|Any CPU.ActiveCfg = Release|Any CPU
		{D7A1333F-B03B-4852-9EFB-E7E1916C4394}.Release|Any CPU.Build.0 = Release|Any CPU
		{D7A1333F-B03B-4852-9EFB-E7E1916C4394}.Release|x64.ActiveCfg = Release|Any CPU
		{D7A1333F-B03B-4852-9EFB-E7E1916C4394}.Release|x64.Build.0 = Release|Any CPU
		{D7A1333F-B03B-4852-9EFB-E7E1916C4394}.Release|x86.ActiveCfg = Release|Any CPU
		{D7A1333F-B03B-4852-9EFB-E7E1916C4394}.Release|x86.Build.0 = Release|Any CPU
		{55626912-DCE1-4030-AB87-1820F99CCF1D}.Debug|Any CPU.ActiveCfg = Debug|Any CPU
		{55626912-DCE1-4030-AB87-1820F99CCF1D}.Debug|Any CPU.Build.0 = Debug|Any CPU
		{55626912-DCE1-4030-AB87-1820F99CCF1D}.Debug|x64.ActiveCfg = Debug|Any CPU
		{55626912-DCE1-4030-AB87-1820F99CCF1D}.Debug|x64.Build.0 = Debug|Any CPU
		{55626912-DCE1-4030-AB87-1820F99CCF1D}.Debug|x86.ActiveCfg = Debug|Any CPU
		{55626912-DCE1-4030-AB87-1820F99CCF1D}.Debug|x86.Build.0 = Debug|Any CPU
		{55626912-DCE1-4030-AB87-1820F99CCF1D}.Release|Any CPU.ActiveCfg = Release|Any CPU
		{55626912-DCE1-4030-AB87-1820F99CCF1D}.Release|Any CPU.Build.0 = Release|Any CPU
		{55626912-DCE1-4030-AB87-1820F99CCF1D}.Release|x64.ActiveCfg = Release|Any CPU
		{55626912-DCE1-4030-AB87-1820F99CCF1D}.Release|x64.Build.0 = Release|Any CPU
		{55626912-DCE1-4030-AB87-1820F99CCF1D}.Release|x86.ActiveCfg = Release|Any CPU
		{55626912-DCE1-4030-AB87-1820F99CCF1D}.Release|x86.Build.0 = Release|Any CPU
		{4518CFB2-BBB3-4E70-816E-BBD0508333A0}.Debug|Any CPU.ActiveCfg = Debug|Any CPU
		{4518CFB2-BBB3-4E70-816E-BBD0508333A0}.Debug|Any CPU.Build.0 = Debug|Any CPU
		{4518CFB2-BBB3-4E70-816E-BBD0508333A0}.Debug|x64.ActiveCfg = Debug|Any CPU
		{4518CFB2-BBB3-4E70-816E-BBD0508333A0}.Debug|x64.Build.0 = Debug|Any CPU
		{4518CFB2-BBB3-4E70-816E-BBD0508333A0}.Debug|x86.ActiveCfg = Debug|Any CPU
		{4518CFB2-BBB3-4E70-816E-BBD0508333A0}.Debug|x86.Build.0 = Debug|Any CPU
		{4518CFB2-BBB3-4E70-816E-BBD0508333A0}.Release|Any CPU.ActiveCfg = Release|Any CPU
		{4518CFB2-BBB3-4E70-816E-BBD0508333A0}.Release|Any CPU.Build.0 = Release|Any CPU
		{4518CFB2-BBB3-4E70-816E-BBD0508333A0}.Release|x64.ActiveCfg = Release|Any CPU
		{4518CFB2-BBB3-4E70-816E-BBD0508333A0}.Release|x64.Build.0 = Release|Any CPU
		{4518CFB2-BBB3-4E70-816E-BBD0508333A0}.Release|x86.ActiveCfg = Release|Any CPU
		{4518CFB2-BBB3-4E70-816E-BBD0508333A0}.Release|x86.Build.0 = Release|Any CPU
		{EFA0623D-EADE-4966-A3AA-9298752F6327}.Debug|Any CPU.ActiveCfg = Debug|Any CPU
		{EFA0623D-EADE-4966-A3AA-9298752F6327}.Debug|Any CPU.Build.0 = Debug|Any CPU
		{EFA0623D-EADE-4966-A3AA-9298752F6327}.Debug|x64.ActiveCfg = Debug|Any CPU
		{EFA0623D-EADE-4966-A3AA-9298752F6327}.Debug|x64.Build.0 = Debug|Any CPU
		{EFA0623D-EADE-4966-A3AA-9298752F6327}.Debug|x86.ActiveCfg = Debug|Any CPU
		{EFA0623D-EADE-4966-A3AA-9298752F6327}.Debug|x86.Build.0 = Debug|Any CPU
		{EFA0623D-EADE-4966-A3AA-9298752F6327}.Release|Any CPU.ActiveCfg = Release|Any CPU
		{EFA0623D-EADE-4966-A3AA-9298752F6327}.Release|Any CPU.Build.0 = Release|Any CPU
		{EFA0623D-EADE-4966-A3AA-9298752F6327}.Release|x64.ActiveCfg = Release|Any CPU
		{EFA0623D-EADE-4966-A3AA-9298752F6327}.Release|x64.Build.0 = Release|Any CPU
		{EFA0623D-EADE-4966-A3AA-9298752F6327}.Release|x86.ActiveCfg = Release|Any CPU
		{EFA0623D-EADE-4966-A3AA-9298752F6327}.Release|x86.Build.0 = Release|Any CPU
		{6B71A144-7F46-406C-85E6-DE0EB18FA001}.Debug|Any CPU.ActiveCfg = Debug|Any CPU
		{6B71A144-7F46-406C-85E6-DE0EB18FA001}.Debug|Any CPU.Build.0 = Debug|Any CPU
		{6B71A144-7F46-406C-85E6-DE0EB18FA001}.Debug|x64.ActiveCfg = Debug|Any CPU
		{6B71A144-7F46-406C-85E6-DE0EB18FA001}.Debug|x64.Build.0 = Debug|Any CPU
		{6B71A144-7F46-406C-85E6-DE0EB18FA001}.Debug|x86.ActiveCfg = Debug|Any CPU
		{6B71A144-7F46-406C-85E6-DE0EB18FA001}.Debug|x86.Build.0 = Debug|Any CPU
		{6B71A144-7F46-406C-85E6-DE0EB18FA001}.Release|Any CPU.ActiveCfg = Release|Any CPU
		{6B71A144-7F46-406C-85E6-DE0EB18FA001}.Release|Any CPU.Build.0 = Release|Any CPU
		{6B71A144-7F46-406C-85E6-DE0EB18FA001}.Release|x64.ActiveCfg = Release|Any CPU
		{6B71A144-7F46-406C-85E6-DE0EB18FA001}.Release|x64.Build.0 = Release|Any CPU
		{6B71A144-7F46-406C-85E6-DE0EB18FA001}.Release|x86.ActiveCfg = Release|Any CPU
		{6B71A144-7F46-406C-85E6-DE0EB18FA001}.Release|x86.Build.0 = Release|Any CPU
		{A95117CB-830B-4434-B61F-CDE60ACA52FA}.Debug|Any CPU.ActiveCfg = Debug|Any CPU
		{A95117CB-830B-4434-B61F-CDE60ACA52FA}.Debug|Any CPU.Build.0 = Debug|Any CPU
		{A95117CB-830B-4434-B61F-CDE60ACA52FA}.Debug|x64.ActiveCfg = Debug|Any CPU
		{A95117CB-830B-4434-B61F-CDE60ACA52FA}.Debug|x64.Build.0 = Debug|Any CPU
		{A95117CB-830B-4434-B61F-CDE60ACA52FA}.Debug|x86.ActiveCfg = Debug|Any CPU
		{A95117CB-830B-4434-B61F-CDE60ACA52FA}.Debug|x86.Build.0 = Debug|Any CPU
		{A95117CB-830B-4434-B61F-CDE60ACA52FA}.Release|Any CPU.ActiveCfg = Release|Any CPU
		{A95117CB-830B-4434-B61F-CDE60ACA52FA}.Release|Any CPU.Build.0 = Release|Any CPU
		{A95117CB-830B-4434-B61F-CDE60ACA52FA}.Release|x64.ActiveCfg = Release|Any CPU
		{A95117CB-830B-4434-B61F-CDE60ACA52FA}.Release|x64.Build.0 = Release|Any CPU
		{A95117CB-830B-4434-B61F-CDE60ACA52FA}.Release|x86.ActiveCfg = Release|Any CPU
		{A95117CB-830B-4434-B61F-CDE60ACA52FA}.Release|x86.Build.0 = Release|Any CPU
		{E1255B6F-6865-48C9-A8C9-9FA11F12C52A}.Debug|Any CPU.ActiveCfg = Debug|Any CPU
		{E1255B6F-6865-48C9-A8C9-9FA11F12C52A}.Debug|Any CPU.Build.0 = Debug|Any CPU
		{E1255B6F-6865-48C9-A8C9-9FA11F12C52A}.Debug|x64.ActiveCfg = Debug|Any CPU
		{E1255B6F-6865-48C9-A8C9-9FA11F12C52A}.Debug|x64.Build.0 = Debug|Any CPU
		{E1255B6F-6865-48C9-A8C9-9FA11F12C52A}.Debug|x86.ActiveCfg = Debug|Any CPU
		{E1255B6F-6865-48C9-A8C9-9FA11F12C52A}.Debug|x86.Build.0 = Debug|Any CPU
		{E1255B6F-6865-48C9-A8C9-9FA11F12C52A}.Release|Any CPU.ActiveCfg = Release|Any CPU
		{E1255B6F-6865-48C9-A8C9-9FA11F12C52A}.Release|Any CPU.Build.0 = Release|Any CPU
		{E1255B6F-6865-48C9-A8C9-9FA11F12C52A}.Release|x64.ActiveCfg = Release|Any CPU
		{E1255B6F-6865-48C9-A8C9-9FA11F12C52A}.Release|x64.Build.0 = Release|Any CPU
		{E1255B6F-6865-48C9-A8C9-9FA11F12C52A}.Release|x86.ActiveCfg = Release|Any CPU
		{E1255B6F-6865-48C9-A8C9-9FA11F12C52A}.Release|x86.Build.0 = Release|Any CPU
		{21D790CA-5BED-49D1-95B4-DF68FE561C25}.Debug|Any CPU.ActiveCfg = Debug|Any CPU
		{21D790CA-5BED-49D1-95B4-DF68FE561C25}.Debug|Any CPU.Build.0 = Debug|Any CPU
		{21D790CA-5BED-49D1-95B4-DF68FE561C25}.Debug|x64.ActiveCfg = Debug|Any CPU
		{21D790CA-5BED-49D1-95B4-DF68FE561C25}.Debug|x64.Build.0 = Debug|Any CPU
		{21D790CA-5BED-49D1-95B4-DF68FE561C25}.Debug|x86.ActiveCfg = Debug|Any CPU
		{21D790CA-5BED-49D1-95B4-DF68FE561C25}.Debug|x86.Build.0 = Debug|Any CPU
		{21D790CA-5BED-49D1-95B4-DF68FE561C25}.Release|Any CPU.ActiveCfg = Release|Any CPU
		{21D790CA-5BED-49D1-95B4-DF68FE561C25}.Release|Any CPU.Build.0 = Release|Any CPU
		{21D790CA-5BED-49D1-95B4-DF68FE561C25}.Release|x64.ActiveCfg = Release|Any CPU
		{21D790CA-5BED-49D1-95B4-DF68FE561C25}.Release|x64.Build.0 = Release|Any CPU
		{21D790CA-5BED-49D1-95B4-DF68FE561C25}.Release|x86.ActiveCfg = Release|Any CPU
		{21D790CA-5BED-49D1-95B4-DF68FE561C25}.Release|x86.Build.0 = Release|Any CPU
		{DFC2D47D-F167-408B-99C7-F54034C230C7}.Debug|Any CPU.ActiveCfg = Debug|Any CPU
		{DFC2D47D-F167-408B-99C7-F54034C230C7}.Debug|Any CPU.Build.0 = Debug|Any CPU
		{DFC2D47D-F167-408B-99C7-F54034C230C7}.Debug|x64.ActiveCfg = Debug|Any CPU
		{DFC2D47D-F167-408B-99C7-F54034C230C7}.Debug|x64.Build.0 = Debug|Any CPU
		{DFC2D47D-F167-408B-99C7-F54034C230C7}.Debug|x86.ActiveCfg = Debug|Any CPU
		{DFC2D47D-F167-408B-99C7-F54034C230C7}.Debug|x86.Build.0 = Debug|Any CPU
		{DFC2D47D-F167-408B-99C7-F54034C230C7}.Release|Any CPU.ActiveCfg = Release|Any CPU
		{DFC2D47D-F167-408B-99C7-F54034C230C7}.Release|Any CPU.Build.0 = Release|Any CPU
		{DFC2D47D-F167-408B-99C7-F54034C230C7}.Release|x64.ActiveCfg = Release|Any CPU
		{DFC2D47D-F167-408B-99C7-F54034C230C7}.Release|x64.Build.0 = Release|Any CPU
		{DFC2D47D-F167-408B-99C7-F54034C230C7}.Release|x86.ActiveCfg = Release|Any CPU
		{DFC2D47D-F167-408B-99C7-F54034C230C7}.Release|x86.Build.0 = Release|Any CPU
		{A8A1CDB1-DF3F-4B34-8510-E5D8B72BCD01}.Debug|Any CPU.ActiveCfg = Debug|Any CPU
		{A8A1CDB1-DF3F-4B34-8510-E5D8B72BCD01}.Debug|Any CPU.Build.0 = Debug|Any CPU
		{A8A1CDB1-DF3F-4B34-8510-E5D8B72BCD01}.Debug|x64.ActiveCfg = Debug|Any CPU
		{A8A1CDB1-DF3F-4B34-8510-E5D8B72BCD01}.Debug|x64.Build.0 = Debug|Any CPU
		{A8A1CDB1-DF3F-4B34-8510-E5D8B72BCD01}.Debug|x86.ActiveCfg = Debug|Any CPU
		{A8A1CDB1-DF3F-4B34-8510-E5D8B72BCD01}.Debug|x86.Build.0 = Debug|Any CPU
		{A8A1CDB1-DF3F-4B34-8510-E5D8B72BCD01}.Release|Any CPU.ActiveCfg = Release|Any CPU
		{A8A1CDB1-DF3F-4B34-8510-E5D8B72BCD01}.Release|Any CPU.Build.0 = Release|Any CPU
		{A8A1CDB1-DF3F-4B34-8510-E5D8B72BCD01}.Release|x64.ActiveCfg = Release|Any CPU
		{A8A1CDB1-DF3F-4B34-8510-E5D8B72BCD01}.Release|x64.Build.0 = Release|Any CPU
		{A8A1CDB1-DF3F-4B34-8510-E5D8B72BCD01}.Release|x86.ActiveCfg = Release|Any CPU
		{A8A1CDB1-DF3F-4B34-8510-E5D8B72BCD01}.Release|x86.Build.0 = Release|Any CPU
		{61C763A1-3545-454D-8098-8C306336EB08}.Debug|Any CPU.ActiveCfg = Debug|Any CPU
		{61C763A1-3545-454D-8098-8C306336EB08}.Debug|Any CPU.Build.0 = Debug|Any CPU
		{61C763A1-3545-454D-8098-8C306336EB08}.Debug|x64.ActiveCfg = Debug|Any CPU
		{61C763A1-3545-454D-8098-8C306336EB08}.Debug|x64.Build.0 = Debug|Any CPU
		{61C763A1-3545-454D-8098-8C306336EB08}.Debug|x86.ActiveCfg = Debug|Any CPU
		{61C763A1-3545-454D-8098-8C306336EB08}.Debug|x86.Build.0 = Debug|Any CPU
		{61C763A1-3545-454D-8098-8C306336EB08}.Release|Any CPU.ActiveCfg = Release|Any CPU
		{61C763A1-3545-454D-8098-8C306336EB08}.Release|Any CPU.Build.0 = Release|Any CPU
		{61C763A1-3545-454D-8098-8C306336EB08}.Release|x64.ActiveCfg = Release|Any CPU
		{61C763A1-3545-454D-8098-8C306336EB08}.Release|x64.Build.0 = Release|Any CPU
		{61C763A1-3545-454D-8098-8C306336EB08}.Release|x86.ActiveCfg = Release|Any CPU
		{61C763A1-3545-454D-8098-8C306336EB08}.Release|x86.Build.0 = Release|Any CPU
	EndGlobalSection
	GlobalSection(SolutionProperties) = preSolution
		HideSolutionNode = FALSE
	EndGlobalSection
	GlobalSection(ExtensibilityGlobals) = postSolution
		SolutionGuid = {E94E11DA-424F-40FC-BCE0-9E560F8D3798}
	EndGlobalSection
EndGlobal
