
Microsoft Visual Studio Solution File, Format Version 12.00
# Visual Studio Version 17
VisualStudioVersion = 17.0.31903.59
MinimumVisualStudioVersion = 10.0.40219.1
Project("{2150E333-8FDC-42A3-9474-1A3956D46DE8}") = "01 - FirstClassCode", "01 - FirstClassCode", "{159216E6-B595-3504-EED8-4788392C70CA}"
EndProject
Project("{FAE04EC0-301F-11D3-BF4B-00C04F79EFBC}") = "FirstClassCode", "01 - FirstClassCode\FirstClassCode.csproj", "{641287D1-9737-4FE5-A972-ADD801252991}"
EndProject
Project("{2150E333-8FDC-42A3-9474-1A3956D46DE8}") = "06AssignmentOperator", "06AssignmentOperator", "{926F17C5-33CA-D07D-09F0-202F878B2791}"
EndProject
Project("{FAE04EC0-301F-11D3-BF4B-00C04F79EFBC}") = "06Operator", "06AssignmentOperator\06Operator.csproj", "{959A1241-8EA0-49D2-9FEA-A03F0D8C6110}"
EndProject
Project("{FAE04EC0-301F-11D3-BF4B-00C04F79EFBC}") = "07PlaceHolder", "07PlaceHolder\07PlaceHolder.csproj", "{E549F2C8-4806-44AE-9A57-5D451DB74B77}"
EndProject
Project("{FAE04EC0-301F-11D3-BF4B-00C04F79EFBC}") = "08EscapeCharacters", "08EscapeCharacters\08EscapeCharacters.csproj", "{75A14BDB-3684-4AA0-8CB0-DC90722DEDC4}"
EndProject
Project("{FAE04EC0-301F-11D3-BF4B-00C04F79EFBC}") = "09ComplexOperators", "09ComplexOperators\09ComplexOperators.csproj", "{861EEB52-336A-4CF9-B38C-3D353698824D}"
EndProject
Project("{FAE04EC0-301F-11D3-BF4B-00C04F79EFBC}") = "100ParameterTypes", "100ParameterTypes\100ParameterTypes.csproj", "{FF550020-1F6B-467C-9BD2-D0381E036AC9}"
EndProject
Project("{FAE04EC0-301F-11D3-BF4B-00C04F79EFBC}") = "10RelationalOperators", "10RelationalOperators\10RelationalOperators.csproj", "{FB022559-276C-44A7-8A24-395D37FE475B}"
EndProject
Project("{FAE04EC0-301F-11D3-BF4B-00C04F79EFBC}") = "11IfElse", "11IfElse\11IfElse.csproj", "{959CFEB2-8212-423D-A94C-0AF5CFDE1227}"
EndProject
Project("{FAE04EC0-301F-11D3-BF4B-00C04F79EFBC}") = "12LoopPractice", "12LoopPractice\12LoopPractice.csproj", "{7A59D572-8177-4455-AC88-58BA0C3F6413}"
EndProject
Project("{FAE04EC0-301F-11D3-BF4B-00C04F79EFBC}") = "12SelectionStructure", "12SelectionStructure\12SelectionStructure.csproj", "{4CA227D9-3F5B-45B9-8174-502F337DBCA9}"
EndProject
Project("{FAE04EC0-301F-11D3-BF4B-00C04F79EFBC}") = "14NestedLoops", "14NestedLoops\14NestedLoops.csproj", "{5C2C3298-ED18-4C11-A1A1-8863CD01F7EC}"
EndProject
Project("{FAE04EC0-301F-11D3-BF4B-00C04F79EFBC}") = "15ExceptionHandling", "15ExceptionHandling\15ExceptionHandling.csproj", "{94402EB2-291E-480E-8CD8-64C52D2C9AF6}"
EndProject
Project("{FAE04EC0-301F-11D3-BF4B-00C04F79EFBC}") = "16Constants", "16Constants\16Constants.csproj", "{28A30B98-1A55-4FB8-B71A-792D1A561DF7}"
EndProject
Project("{FAE04EC0-301F-11D3-BF4B-00C04F79EFBC}") = "17Enumerations", "17Enumerations\17Enumerations.csproj", "{2C2B49AC-2F47-4FEE-87E0-EC92AFEFACAD}"
EndProject
Project("{FAE04EC0-301F-11D3-BF4B-00C04F79EFBC}") = "180MultidimensionalArrays", "180MultidimensionalArrays\180MultidimensionalArrays.csproj", "{ED6F3017-4479-4C8F-8C11-3D4741B216AD}"
EndProject
Project("{FAE04EC0-301F-11D3-BF4B-00C04F79EFBC}") = "18Arrays", "18Arrays\18Arrays.csproj", "{A04A40AB-5EBF-496F-A21B-C4259C6F599A}"
EndProject
Project("{FAE04EC0-301F-11D3-BF4B-00C04F79EFBC}") = "19Methods", "19Methods\19Methods.csproj", "{95074989-4928-4D43-9ADA-53F96AB692C6}"
EndProject
Project("{FAE04EC0-301F-11D3-BF4B-00C04F79EFBC}") = "211VariableParameters", "211VariableParameters\211VariableParameters.csproj", "{FCCE8E71-80AF-4B74-B0FF-A211391A7EA7}"
EndProject
Project("{FAE04EC0-301F-11D3-BF4B-00C04F79EFBC}") = "21Methods-FindMaxOfTwoIntegers", "21Methods-FindMaxOfTwoIntegers\21Methods-FindMaxOfTwoIntegers.csproj", "{27FECF8B-9CA9-4AAB-91C6-7117DB1DB8D1}"
EndProject
Project("{FAE04EC0-301F-11D3-BF4B-00C04F79EFBC}") = "Break,Contiue,Return", "Break,Contiue,Return\Break,Contiue,Return.csproj", "{D7A1333F-B03B-4852-9EFB-E7E1916C4394}"
EndProject
Project("{FAE04EC0-301F-11D3-BF4B-00C04F79EFBC}") = "ClassLibrary0210", "ClassLibrary0210\ClassLibrary0210.csproj", "{5CD7AD52-A43C-4353-8F42-1ED7A5D525B2}"
EndProject
Project("{FAE04EC0-301F-11D3-BF4B-00C04F79EFBC}") = "FirstClassTwo", "FirstClassTwo\FirstClassTwo.csproj", "{17C30C6B-2DA7-43F5-BEAE-9D649B6E79B9}"
EndProject
Project("{2150E333-8FDC-42A3-9474-1A3956D46DE8}") = "MyConsoleApp0210", "MyConsoleApp0210", "{B462B6A4-1E70-A855-3297-908D6DEC03F4}"
EndProject
Project("{FAE04EC0-301F-11D3-BF4B-00C04F79EFBC}") = "01MyConsoleApp0210", "MyConsoleApp0210\01MyConsoleApp0210.csproj", "{4D806A43-F725-4E01-BB9E-E518589F4830}"
EndProject
Project("{FAE04EC0-301F-11D3-BF4B-00C04F79EFBC}") = "05NamingConvention0210", "NamingConvention0210\05NamingConvention0210.csproj", "{E6604BDB-3CCB-41A0-86D2-3F0C5115BD42}"
EndProject
Project("{FAE04EC0-301F-11D3-BF4B-00C04F79EFBC}") = "ThreeMethodApplications", "ThreeMethodApplications\ThreeMethodApplications.csproj", "{55626912-DCE1-4030-AB87-1820F99CCF1D}"
EndProject
Project("{FAE04EC0-301F-11D3-BF4B-00C04F79EFBC}") = "TypeConversion", "TypeConversion\TypeConversion.csproj", "{956F8BF1-AF5C-4844-B85C-4F6ED381B860}"
EndProject
Project("{2150E333-8FDC-42A3-9474-1A3956D46DE8}") = "Variable0210", "Variable0210", "{C9E38149-5BD7-EF3C-64A7-D9306B4A13A7}"
EndProject
Project("{FAE04EC0-301F-11D3-BF4B-00C04F79EFBC}") = "04Variable0210", "Variable0210\04Variable0210.csproj", "{AE268D35-AEFE-4DA2-AC97-6DC6329BBDB7}"
EndProject
Project("{FAE04EC0-301F-11D3-BF4B-00C04F79EFBC}") = "WhyUseOutRef", "WhyUseOutRef\WhyUseOutRef.csproj", "{4518CFB2-BBB3-4E70-816E-BBD0508333A0}"
EndProject
Project("{2150E333-8FDC-42A3-9474-1A3956D46DE8}") = "00-HelloWorld", "00-HelloWorld", "{82084E13-9158-15B1-4099-BE428DAC835F}"
EndProject
Project("{FAE04EC0-301F-11D3-BF4B-00C04F79EFBC}") = "HelloWorld", "00-HelloWorld\HelloWorld\HelloWorld.csproj", "{822246E6-BD41-4DA2-9903-F46145067A73}"
EndProject
Global
	GlobalSection(SolutionConfigurationPlatforms) = preSolution
		Debug|Any CPU = Debug|Any CPU
		Debug|x64 = Debug|x64
		Debug|x86 = Debug|x86
		Release|Any CPU = Release|Any CPU
		Release|x64 = Release|x64
		Release|x86 = Release|x86
	EndGlobalSection
	GlobalSection(ProjectConfigurationPlatforms) = postSolution
		{641287D1-9737-4FE5-A972-ADD801252991}.Debug|Any CPU.ActiveCfg = Debug|Any CPU
		{641287D1-9737-4FE5-A972-ADD801252991}.Debug|Any CPU.Build.0 = Debug|Any CPU
		{641287D1-9737-4FE5-A972-ADD801252991}.Debug|x64.ActiveCfg = Debug|Any CPU
		{641287D1-9737-4FE5-A972-ADD801252991}.Debug|x64.Build.0 = Debug|Any CPU
		{641287D1-9737-4FE5-A972-ADD801252991}.Debug|x86.ActiveCfg = Debug|Any CPU
		{641287D1-9737-4FE5-A972-ADD801252991}.Debug|x86.Build.0 = Debug|Any CPU
		{641287D1-9737-4FE5-A972-ADD801252991}.Release|Any CPU.ActiveCfg = Release|Any CPU
		{641287D1-9737-4FE5-A972-ADD801252991}.Release|Any CPU.Build.0 = Release|Any CPU
		{641287D1-9737-4FE5-A972-ADD801252991}.Release|x64.ActiveCfg = Release|Any CPU
		{641287D1-9737-4FE5-A972-ADD801252991}.Release|x64.Build.0 = Release|Any CPU
		{641287D1-9737-4FE5-A972-ADD801252991}.Release|x86.ActiveCfg = Release|Any CPU
		{641287D1-9737-4FE5-A972-ADD801252991}.Release|x86.Build.0 = Release|Any CPU
		{959A1241-8EA0-49D2-9FEA-A03F0D8C6110}.Debug|Any CPU.ActiveCfg = Debug|Any CPU
		{959A1241-8EA0-49D2-9FEA-A03F0D8C6110}.Debug|Any CPU.Build.0 = Debug|Any CPU
		{959A1241-8EA0-49D2-9FEA-A03F0D8C6110}.Debug|x64.ActiveCfg = Debug|Any CPU
		{959A1241-8EA0-49D2-9FEA-A03F0D8C6110}.Debug|x64.Build.0 = Debug|Any CPU
		{959A1241-8EA0-49D2-9FEA-A03F0D8C6110}.Debug|x86.ActiveCfg = Debug|Any CPU
		{959A1241-8EA0-49D2-9FEA-A03F0D8C6110}.Debug|x86.Build.0 = Debug|Any CPU
		{959A1241-8EA0-49D2-9FEA-A03F0D8C6110}.Release|Any CPU.ActiveCfg = Release|Any CPU
		{959A1241-8EA0-49D2-9FEA-A03F0D8C6110}.Release|Any CPU.Build.0 = Release|Any CPU
		{959A1241-8EA0-49D2-9FEA-A03F0D8C6110}.Release|x64.ActiveCfg = Release|Any CPU
		{959A1241-8EA0-49D2-9FEA-A03F0D8C6110}.Release|x64.Build.0 = Release|Any CPU
		{959A1241-8EA0-49D2-9FEA-A03F0D8C6110}.Release|x86.ActiveCfg = Release|Any CPU
		{959A1241-8EA0-49D2-9FEA-A03F0D8C6110}.Release|x86.Build.0 = Release|Any CPU
		{E549F2C8-4806-44AE-9A57-5D451DB74B77}.Debug|Any CPU.ActiveCfg = Debug|Any CPU
		{E549F2C8-4806-44AE-9A57-5D451DB74B77}.Debug|Any CPU.Build.0 = Debug|Any CPU
		{E549F2C8-4806-44AE-9A57-5D451DB74B77}.Debug|x64.ActiveCfg = Debug|Any CPU
		{E549F2C8-4806-44AE-9A57-5D451DB74B77}.Debug|x64.Build.0 = Debug|Any CPU
		{E549F2C8-4806-44AE-9A57-5D451DB74B77}.Debug|x86.ActiveCfg = Debug|Any CPU
		{E549F2C8-4806-44AE-9A57-5D451DB74B77}.Debug|x86.Build.0 = Debug|Any CPU
		{E549F2C8-4806-44AE-9A57-5D451DB74B77}.Release|Any CPU.ActiveCfg = Release|Any CPU
		{E549F2C8-4806-44AE-9A57-5D451DB74B77}.Release|Any CPU.Build.0 = Release|Any CPU
		{E549F2C8-4806-44AE-9A57-5D451DB74B77}.Release|x64.ActiveCfg = Release|Any CPU
		{E549F2C8-4806-44AE-9A57-5D451DB74B77}.Release|x64.Build.0 = Release|Any CPU
		{E549F2C8-4806-44AE-9A57-5D451DB74B77}.Release|x86.ActiveCfg = Release|Any CPU
		{E549F2C8-4806-44AE-9A57-5D451DB74B77}.Release|x86.Build.0 = Release|Any CPU
		{75A14BDB-3684-4AA0-8CB0-DC90722DEDC4}.Debug|Any CPU.ActiveCfg = Debug|Any CPU
		{75A14BDB-3684-4AA0-8CB0-DC90722DEDC4}.Debug|Any CPU.Build.0 = Debug|Any CPU
		{75A14BDB-3684-4AA0-8CB0-DC90722DEDC4}.Debug|x64.ActiveCfg = Debug|Any CPU
		{75A14BDB-3684-4AA0-8CB0-DC90722DEDC4}.Debug|x64.Build.0 = Debug|Any CPU
		{75A14BDB-3684-4AA0-8CB0-DC90722DEDC4}.Debug|x86.ActiveCfg = Debug|Any CPU
		{75A14BDB-3684-4AA0-8CB0-DC90722DEDC4}.Debug|x86.Build.0 = Debug|Any CPU
		{75A14BDB-3684-4AA0-8CB0-DC90722DEDC4}.Release|Any CPU.ActiveCfg = Release|Any CPU
		{75A14BDB-3684-4AA0-8CB0-DC90722DEDC4}.Release|Any CPU.Build.0 = Release|Any CPU
		{75A14BDB-3684-4AA0-8CB0-DC90722DEDC4}.Release|x64.ActiveCfg = Release|Any CPU
		{75A14BDB-3684-4AA0-8CB0-DC90722DEDC4}.Release|x64.Build.0 = Release|Any CPU
		{75A14BDB-3684-4AA0-8CB0-DC90722DEDC4}.Release|x86.ActiveCfg = Release|Any CPU
		{75A14BDB-3684-4AA0-8CB0-DC90722DEDC4}.Release|x86.Build.0 = Release|Any CPU
		{861EEB52-336A-4CF9-B38C-3D353698824D}.Debug|Any CPU.ActiveCfg = Debug|Any CPU
		{861EEB52-336A-4CF9-B38C-3D353698824D}.Debug|Any CPU.Build.0 = Debug|Any CPU
		{861EEB52-336A-4CF9-B38C-3D353698824D}.Debug|x64.ActiveCfg = Debug|Any CPU
		{861EEB52-336A-4CF9-B38C-3D353698824D}.Debug|x64.Build.0 = Debug|Any CPU
		{861EEB52-336A-4CF9-B38C-3D353698824D}.Debug|x86.ActiveCfg = Debug|Any CPU
		{861EEB52-336A-4CF9-B38C-3D353698824D}.Debug|x86.Build.0 = Debug|Any CPU
		{861EEB52-336A-4CF9-B38C-3D353698824D}.Release|Any CPU.ActiveCfg = Release|Any CPU
		{861EEB52-336A-4CF9-B38C-3D353698824D}.Release|Any CPU.Build.0 = Release|Any CPU
		{861EEB52-336A-4CF9-B38C-3D353698824D}.Release|x64.ActiveCfg = Release|Any CPU
		{861EEB52-336A-4CF9-B38C-3D353698824D}.Release|x64.Build.0 = Release|Any CPU
		{861EEB52-336A-4CF9-B38C-3D353698824D}.Release|x86.ActiveCfg = Release|Any CPU
		{861EEB52-336A-4CF9-B38C-3D353698824D}.Release|x86.Build.0 = Release|Any CPU
		{FF550020-1F6B-467C-9BD2-D0381E036AC9}.Debug|Any CPU.ActiveCfg = Debug|Any CPU
		{FF550020-1F6B-467C-9BD2-D0381E036AC9}.Debug|Any CPU.Build.0 = Debug|Any CPU
		{FF550020-1F6B-467C-9BD2-D0381E036AC9}.Debug|x64.ActiveCfg = Debug|Any CPU
		{FF550020-1F6B-467C-9BD2-D0381E036AC9}.Debug|x64.Build.0 = Debug|Any CPU
		{FF550020-1F6B-467C-9BD2-D0381E036AC9}.Debug|x86.ActiveCfg = Debug|Any CPU
		{FF550020-1F6B-467C-9BD2-D0381E036AC9}.Debug|x86.Build.0 = Debug|Any CPU
		{FF550020-1F6B-467C-9BD2-D0381E036AC9}.Release|Any CPU.ActiveCfg = Release|Any CPU
		{FF550020-1F6B-467C-9BD2-D0381E036AC9}.Release|Any CPU.Build.0 = Release|Any CPU
		{FF550020-1F6B-467C-9BD2-D0381E036AC9}.Release|x64.ActiveCfg = Release|Any CPU
		{FF550020-1F6B-467C-9BD2-D0381E036AC9}.Release|x64.Build.0 = Release|Any CPU
		{FF550020-1F6B-467C-9BD2-D0381E036AC9}.Release|x86.ActiveCfg = Release|Any CPU
		{FF550020-1F6B-467C-9BD2-D0381E036AC9}.Release|x86.Build.0 = Release|Any CPU
		{FB022559-276C-44A7-8A24-395D37FE475B}.Debug|Any CPU.ActiveCfg = Debug|Any CPU
		{FB022559-276C-44A7-8A24-395D37FE475B}.Debug|Any CPU.Build.0 = Debug|Any CPU
		{FB022559-276C-44A7-8A24-395D37FE475B}.Debug|x64.ActiveCfg = Debug|Any CPU
		{FB022559-276C-44A7-8A24-395D37FE475B}.Debug|x64.Build.0 = Debug|Any CPU
		{FB022559-276C-44A7-8A24-395D37FE475B}.Debug|x86.ActiveCfg = Debug|Any CPU
		{FB022559-276C-44A7-8A24-395D37FE475B}.Debug|x86.Build.0 = Debug|Any CPU
		{FB022559-276C-44A7-8A24-395D37FE475B}.Release|Any CPU.ActiveCfg = Release|Any CPU
		{FB022559-276C-44A7-8A24-395D37FE475B}.Release|Any CPU.Build.0 = Release|Any CPU
		{FB022559-276C-44A7-8A24-395D37FE475B}.Release|x64.ActiveCfg = Release|Any CPU
		{FB022559-276C-44A7-8A24-395D37FE475B}.Release|x64.Build.0 = Release|Any CPU
		{FB022559-276C-44A7-8A24-395D37FE475B}.Release|x86.ActiveCfg = Release|Any CPU
		{FB022559-276C-44A7-8A24-395D37FE475B}.Release|x86.Build.0 = Release|Any CPU
		{959CFEB2-8212-423D-A94C-0AF5CFDE1227}.Debug|Any CPU.ActiveCfg = Debug|Any CPU
		{959CFEB2-8212-423D-A94C-0AF5CFDE1227}.Debug|Any CPU.Build.0 = Debug|Any CPU
		{959CFEB2-8212-423D-A94C-0AF5CFDE1227}.Debug|x64.ActiveCfg = Debug|Any CPU
		{959CFEB2-8212-423D-A94C-0AF5CFDE1227}.Debug|x64.Build.0 = Debug|Any CPU
		{959CFEB2-8212-423D-A94C-0AF5CFDE1227}.Debug|x86.ActiveCfg = Debug|Any CPU
		{959CFEB2-8212-423D-A94C-0AF5CFDE1227}.Debug|x86.Build.0 = Debug|Any CPU
		{959CFEB2-8212-423D-A94C-0AF5CFDE1227}.Release|Any CPU.ActiveCfg = Release|Any CPU
		{959CFEB2-8212-423D-A94C-0AF5CFDE1227}.Release|Any CPU.Build.0 = Release|Any CPU
		{959CFEB2-8212-423D-A94C-0AF5CFDE1227}.Release|x64.ActiveCfg = Release|Any CPU
		{959CFEB2-8212-423D-A94C-0AF5CFDE1227}.Release|x64.Build.0 = Release|Any CPU
		{959CFEB2-8212-423D-A94C-0AF5CFDE1227}.Release|x86.ActiveCfg = Release|Any CPU
		{959CFEB2-8212-423D-A94C-0AF5CFDE1227}.Release|x86.Build.0 = Release|Any CPU
		{7A59D572-8177-4455-AC88-58BA0C3F6413}.Debug|Any CPU.ActiveCfg = Debug|Any CPU
		{7A59D572-8177-4455-AC88-58BA0C3F6413}.Debug|Any CPU.Build.0 = Debug|Any CPU
		{7A59D572-8177-4455-AC88-58BA0C3F6413}.Debug|x64.ActiveCfg = Debug|Any CPU
		{7A59D572-8177-4455-AC88-58BA0C3F6413}.Debug|x64.Build.0 = Debug|Any CPU
		{7A59D572-8177-4455-AC88-58BA0C3F6413}.Debug|x86.ActiveCfg = Debug|Any CPU
		{7A59D572-8177-4455-AC88-58BA0C3F6413}.Debug|x86.Build.0 = Debug|Any CPU
		{7A59D572-8177-4455-AC88-58BA0C3F6413}.Release|Any CPU.ActiveCfg = Release|Any CPU
		{7A59D572-8177-4455-AC88-58BA0C3F6413}.Release|Any CPU.Build.0 = Release|Any CPU
		{7A59D572-8177-4455-AC88-58BA0C3F6413}.Release|x64.ActiveCfg = Release|Any CPU
		{7A59D572-8177-4455-AC88-58BA0C3F6413}.Release|x64.Build.0 = Release|Any CPU
		{7A59D572-8177-4455-AC88-58BA0C3F6413}.Release|x86.ActiveCfg = Release|Any CPU
		{7A59D572-8177-4455-AC88-58BA0C3F6413}.Release|x86.Build.0 = Release|Any CPU
		{4CA227D9-3F5B-45B9-8174-502F337DBCA9}.Debug|Any CPU.ActiveCfg = Debug|Any CPU
		{4CA227D9-3F5B-45B9-8174-502F337DBCA9}.Debug|Any CPU.Build.0 = Debug|Any CPU
		{4CA227D9-3F5B-45B9-8174-502F337DBCA9}.Debug|x64.ActiveCfg = Debug|Any CPU
		{4CA227D9-3F5B-45B9-8174-502F337DBCA9}.Debug|x64.Build.0 = Debug|Any CPU
		{4CA227D9-3F5B-45B9-8174-502F337DBCA9}.Debug|x86.ActiveCfg = Debug|Any CPU
		{4CA227D9-3F5B-45B9-8174-502F337DBCA9}.Debug|x86.Build.0 = Debug|Any CPU
		{4CA227D9-3F5B-45B9-8174-502F337DBCA9}.Release|Any CPU.ActiveCfg = Release|Any CPU
		{4CA227D9-3F5B-45B9-8174-502F337DBCA9}.Release|Any CPU.Build.0 = Release|Any CPU
		{4CA227D9-3F5B-45B9-8174-502F337DBCA9}.Release|x64.ActiveCfg = Release|Any CPU
		{4CA227D9-3F5B-45B9-8174-502F337DBCA9}.Release|x64.Build.0 = Release|Any CPU
		{4CA227D9-3F5B-45B9-8174-502F337DBCA9}.Release|x86.ActiveCfg = Release|Any CPU
		{4CA227D9-3F5B-45B9-8174-502F337DBCA9}.Release|x86.Build.0 = Release|Any CPU
		{5C2C3298-ED18-4C11-A1A1-8863CD01F7EC}.Debug|Any CPU.ActiveCfg = Debug|Any CPU
		{5C2C3298-ED18-4C11-A1A1-8863CD01F7EC}.Debug|Any CPU.Build.0 = Debug|Any CPU
		{5C2C3298-ED18-4C11-A1A1-8863CD01F7EC}.Debug|x64.ActiveCfg = Debug|Any CPU
		{5C2C3298-ED18-4C11-A1A1-8863CD01F7EC}.Debug|x64.Build.0 = Debug|Any CPU
		{5C2C3298-ED18-4C11-A1A1-8863CD01F7EC}.Debug|x86.ActiveCfg = Debug|Any CPU
		{5C2C3298-ED18-4C11-A1A1-8863CD01F7EC}.Debug|x86.Build.0 = Debug|Any CPU
		{5C2C3298-ED18-4C11-A1A1-8863CD01F7EC}.Release|Any CPU.ActiveCfg = Release|Any CPU
		{5C2C3298-ED18-4C11-A1A1-8863CD01F7EC}.Release|Any CPU.Build.0 = Release|Any CPU
		{5C2C3298-ED18-4C11-A1A1-8863CD01F7EC}.Release|x64.ActiveCfg = Release|Any CPU
		{5C2C3298-ED18-4C11-A1A1-8863CD01F7EC}.Release|x64.Build.0 = Release|Any CPU
		{5C2C3298-ED18-4C11-A1A1-8863CD01F7EC}.Release|x86.ActiveCfg = Release|Any CPU
		{5C2C3298-ED18-4C11-A1A1-8863CD01F7EC}.Release|x86.Build.0 = Release|Any CPU
		{94402EB2-291E-480E-8CD8-64C52D2C9AF6}.Debug|Any CPU.ActiveCfg = Debug|Any CPU
		{94402EB2-291E-480E-8CD8-64C52D2C9AF6}.Debug|Any CPU.Build.0 = Debug|Any CPU
		{94402EB2-291E-480E-8CD8-64C52D2C9AF6}.Debug|x64.ActiveCfg = Debug|Any CPU
		{94402EB2-291E-480E-8CD8-64C52D2C9AF6}.Debug|x64.Build.0 = Debug|Any CPU
		{94402EB2-291E-480E-8CD8-64C52D2C9AF6}.Debug|x86.ActiveCfg = Debug|Any CPU
		{94402EB2-291E-480E-8CD8-64C52D2C9AF6}.Debug|x86.Build.0 = Debug|Any CPU
		{94402EB2-291E-480E-8CD8-64C52D2C9AF6}.Release|Any CPU.ActiveCfg = Release|Any CPU
		{94402EB2-291E-480E-8CD8-64C52D2C9AF6}.Release|Any CPU.Build.0 = Release|Any CPU
		{94402EB2-291E-480E-8CD8-64C52D2C9AF6}.Release|x64.ActiveCfg = Release|Any CPU
		{94402EB2-291E-480E-8CD8-64C52D2C9AF6}.Release|x64.Build.0 = Release|Any CPU
		{94402EB2-291E-480E-8CD8-64C52D2C9AF6}.Release|x86.ActiveCfg = Release|Any CPU
		{94402EB2-291E-480E-8CD8-64C52D2C9AF6}.Release|x86.Build.0 = Release|Any CPU
		{28A30B98-1A55-4FB8-B71A-792D1A561DF7}.Debug|Any CPU.ActiveCfg = Debug|Any CPU
		{28A30B98-1A55-4FB8-B71A-792D1A561DF7}.Debug|Any CPU.Build.0 = Debug|Any CPU
		{28A30B98-1A55-4FB8-B71A-792D1A561DF7}.Debug|x64.ActiveCfg = Debug|Any CPU
		{28A30B98-1A55-4FB8-B71A-792D1A561DF7}.Debug|x64.Build.0 = Debug|Any CPU
		{28A30B98-1A55-4FB8-B71A-792D1A561DF7}.Debug|x86.ActiveCfg = Debug|Any CPU
		{28A30B98-1A55-4FB8-B71A-792D1A561DF7}.Debug|x86.Build.0 = Debug|Any CPU
		{28A30B98-1A55-4FB8-B71A-792D1A561DF7}.Release|Any CPU.ActiveCfg = Release|Any CPU
		{28A30B98-1A55-4FB8-B71A-792D1A561DF7}.Release|Any CPU.Build.0 = Release|Any CPU
		{28A30B98-1A55-4FB8-B71A-792D1A561DF7}.Release|x64.ActiveCfg = Release|Any CPU
		{28A30B98-1A55-4FB8-B71A-792D1A561DF7}.Release|x64.Build.0 = Release|Any CPU
		{28A30B98-1A55-4FB8-B71A-792D1A561DF7}.Release|x86.ActiveCfg = Release|Any CPU
		{28A30B98-1A55-4FB8-B71A-792D1A561DF7}.Release|x86.Build.0 = Release|Any CPU
		{2C2B49AC-2F47-4FEE-87E0-EC92AFEFACAD}.Debug|Any CPU.ActiveCfg = Debug|Any CPU
		{2C2B49AC-2F47-4FEE-87E0-EC92AFEFACAD}.Debug|Any CPU.Build.0 = Debug|Any CPU
		{2C2B49AC-2F47-4FEE-87E0-EC92AFEFACAD}.Debug|x64.ActiveCfg = Debug|Any CPU
		{2C2B49AC-2F47-4FEE-87E0-EC92AFEFACAD}.Debug|x64.Build.0 = Debug|Any CPU
		{2C2B49AC-2F47-4FEE-87E0-EC92AFEFACAD}.Debug|x86.ActiveCfg = Debug|Any CPU
		{2C2B49AC-2F47-4FEE-87E0-EC92AFEFACAD}.Debug|x86.Build.0 = Debug|Any CPU
		{2C2B49AC-2F47-4FEE-87E0-EC92AFEFACAD}.Release|Any CPU.ActiveCfg = Release|Any CPU
		{2C2B49AC-2F47-4FEE-87E0-EC92AFEFACAD}.Release|Any CPU.Build.0 = Release|Any CPU
		{2C2B49AC-2F47-4FEE-87E0-EC92AFEFACAD}.Release|x64.ActiveCfg = Release|Any CPU
		{2C2B49AC-2F47-4FEE-87E0-EC92AFEFACAD}.Release|x64.Build.0 = Release|Any CPU
		{2C2B49AC-2F47-4FEE-87E0-EC92AFEFACAD}.Release|x86.ActiveCfg = Release|Any CPU
		{2C2B49AC-2F47-4FEE-87E0-EC92AFEFACAD}.Release|x86.Build.0 = Release|Any CPU
		{ED6F3017-4479-4C8F-8C11-3D4741B216AD}.Debug|Any CPU.ActiveCfg = Debug|Any CPU
		{ED6F3017-4479-4C8F-8C11-3D4741B216AD}.Debug|Any CPU.Build.0 = Debug|Any CPU
		{ED6F3017-4479-4C8F-8C11-3D4741B216AD}.Debug|x64.ActiveCfg = Debug|Any CPU
		{ED6F3017-4479-4C8F-8C11-3D4741B216AD}.Debug|x64.Build.0 = Debug|Any CPU
		{ED6F3017-4479-4C8F-8C11-3D4741B216AD}.Debug|x86.ActiveCfg = Debug|Any CPU
		{ED6F3017-4479-4C8F-8C11-3D4741B216AD}.Debug|x86.Build.0 = Debug|Any CPU
		{ED6F3017-4479-4C8F-8C11-3D4741B216AD}.Release|Any CPU.ActiveCfg = Release|Any CPU
		{ED6F3017-4479-4C8F-8C11-3D4741B216AD}.Release|Any CPU.Build.0 = Release|Any CPU
		{ED6F3017-4479-4C8F-8C11-3D4741B216AD}.Release|x64.ActiveCfg = Release|Any CPU
		{ED6F3017-4479-4C8F-8C11-3D4741B216AD}.Release|x64.Build.0 = Release|Any CPU
		{ED6F3017-4479-4C8F-8C11-3D4741B216AD}.Release|x86.ActiveCfg = Release|Any CPU
		{ED6F3017-4479-4C8F-8C11-3D4741B216AD}.Release|x86.Build.0 = Release|Any CPU
		{A04A40AB-5EBF-496F-A21B-C4259C6F599A}.Debug|Any CPU.ActiveCfg = Debug|Any CPU
		{A04A40AB-5EBF-496F-A21B-C4259C6F599A}.Debug|Any CPU.Build.0 = Debug|Any CPU
		{A04A40AB-5EBF-496F-A21B-C4259C6F599A}.Debug|x64.ActiveCfg = Debug|Any CPU
		{A04A40AB-5EBF-496F-A21B-C4259C6F599A}.Debug|x64.Build.0 = Debug|Any CPU
		{A04A40AB-5EBF-496F-A21B-C4259C6F599A}.Debug|x86.ActiveCfg = Debug|Any CPU
		{A04A40AB-5EBF-496F-A21B-C4259C6F599A}.Debug|x86.Build.0 = Debug|Any CPU
		{A04A40AB-5EBF-496F-A21B-C4259C6F599A}.Release|Any CPU.ActiveCfg = Release|Any CPU
		{A04A40AB-5EBF-496F-A21B-C4259C6F599A}.Release|Any CPU.Build.0 = Release|Any CPU
		{A04A40AB-5EBF-496F-A21B-C4259C6F599A}.Release|x64.ActiveCfg = Release|Any CPU
		{A04A40AB-5EBF-496F-A21B-C4259C6F599A}.Release|x64.Build.0 = Release|Any CPU
		{A04A40AB-5EBF-496F-A21B-C4259C6F599A}.Release|x86.ActiveCfg = Release|Any CPU
		{A04A40AB-5EBF-496F-A21B-C4259C6F599A}.Release|x86.Build.0 = Release|Any CPU
		{95074989-4928-4D43-9ADA-53F96AB692C6}.Debug|Any CPU.ActiveCfg = Debug|Any CPU
		{95074989-4928-4D43-9ADA-53F96AB692C6}.Debug|Any CPU.Build.0 = Debug|Any CPU
		{95074989-4928-4D43-9ADA-53F96AB692C6}.Debug|x64.ActiveCfg = Debug|Any CPU
		{95074989-4928-4D43-9ADA-53F96AB692C6}.Debug|x64.Build.0 = Debug|Any CPU
		{95074989-4928-4D43-9ADA-53F96AB692C6}.Debug|x86.ActiveCfg = Debug|Any CPU
		{95074989-4928-4D43-9ADA-53F96AB692C6}.Debug|x86.Build.0 = Debug|Any CPU
		{95074989-4928-4D43-9ADA-53F96AB692C6}.Release|Any CPU.ActiveCfg = Release|Any CPU
		{95074989-4928-4D43-9ADA-53F96AB692C6}.Release|Any CPU.Build.0 = Release|Any CPU
		{95074989-4928-4D43-9ADA-53F96AB692C6}.Release|x64.ActiveCfg = Release|Any CPU
		{95074989-4928-4D43-9ADA-53F96AB692C6}.Release|x64.Build.0 = Release|Any CPU
		{95074989-4928-4D43-9ADA-53F96AB692C6}.Release|x86.ActiveCfg = Release|Any CPU
		{95074989-4928-4D43-9ADA-53F96AB692C6}.Release|x86.Build.0 = Release|Any CPU
		{FCCE8E71-80AF-4B74-B0FF-A211391A7EA7}.Debug|Any CPU.ActiveCfg = Debug|Any CPU
		{FCCE8E71-80AF-4B74-B0FF-A211391A7EA7}.Debug|Any CPU.Build.0 = Debug|Any CPU
		{FCCE8E71-80AF-4B74-B0FF-A211391A7EA7}.Debug|x64.ActiveCfg = Debug|Any CPU
		{FCCE8E71-80AF-4B74-B0FF-A211391A7EA7}.Debug|x64.Build.0 = Debug|Any CPU
		{FCCE8E71-80AF-4B74-B0FF-A211391A7EA7}.Debug|x86.ActiveCfg = Debug|Any CPU
		{FCCE8E71-80AF-4B74-B0FF-A211391A7EA7}.Debug|x86.Build.0 = Debug|Any CPU
		{FCCE8E71-80AF-4B74-B0FF-A211391A7EA7}.Release|Any CPU.ActiveCfg = Release|Any CPU
		{FCCE8E71-80AF-4B74-B0FF-A211391A7EA7}.Release|Any CPU.Build.0 = Release|Any CPU
		{FCCE8E71-80AF-4B74-B0FF-A211391A7EA7}.Release|x64.ActiveCfg = Release|Any CPU
		{FCCE8E71-80AF-4B74-B0FF-A211391A7EA7}.Release|x64.Build.0 = Release|Any CPU
		{FCCE8E71-80AF-4B74-B0FF-A211391A7EA7}.Release|x86.ActiveCfg = Release|Any CPU
		{FCCE8E71-80AF-4B74-B0FF-A211391A7EA7}.Release|x86.Build.0 = Release|Any CPU
		{27FECF8B-9CA9-4AAB-91C6-7117DB1DB8D1}.Debug|Any CPU.ActiveCfg = Debug|Any CPU
		{27FECF8B-9CA9-4AAB-91C6-7117DB1DB8D1}.Debug|Any CPU.Build.0 = Debug|Any CPU
		{27FECF8B-9CA9-4AAB-91C6-7117DB1DB8D1}.Debug|x64.ActiveCfg = Debug|Any CPU
		{27FECF8B-9CA9-4AAB-91C6-7117DB1DB8D1}.Debug|x64.Build.0 = Debug|Any CPU
		{27FECF8B-9CA9-4AAB-91C6-7117DB1DB8D1}.Debug|x86.ActiveCfg = Debug|Any CPU
		{27FECF8B-9CA9-4AAB-91C6-7117DB1DB8D1}.Debug|x86.Build.0 = Debug|Any CPU
		{27FECF8B-9CA9-4AAB-91C6-7117DB1DB8D1}.Release|Any CPU.ActiveCfg = Release|Any CPU
		{27FECF8B-9CA9-4AAB-91C6-7117DB1DB8D1}.Release|Any CPU.Build.0 = Release|Any CPU
		{27FECF8B-9CA9-4AAB-91C6-7117DB1DB8D1}.Release|x64.ActiveCfg = Release|Any CPU
		{27FECF8B-9CA9-4AAB-91C6-7117DB1DB8D1}.Release|x64.Build.0 = Release|Any CPU
		{27FECF8B-9CA9-4AAB-91C6-7117DB1DB8D1}.Release|x86.ActiveCfg = Release|Any CPU
		{27FECF8B-9CA9-4AAB-91C6-7117DB1DB8D1}.Release|x86.Build.0 = Release|Any CPU
		{D7A1333F-B03B-4852-9EFB-E7E1916C4394}.Debug|Any CPU.ActiveCfg = Debug|Any CPU
		{D7A1333F-B03B-4852-9EFB-E7E1916C4394}.Debug|Any CPU.Build.0 = Debug|Any CPU
		{D7A1333F-B03B-4852-9EFB-E7E1916C4394}.Debug|x64.ActiveCfg = Debug|Any CPU
		{D7A1333F-B03B-4852-9EFB-E7E1916C4394}.Debug|x64.Build.0 = Debug|Any CPU
		{D7A1333F-B03B-4852-9EFB-E7E1916C4394}.Debug|x86.ActiveCfg = Debug|Any CPU
		{D7A1333F-B03B-4852-9EFB-E7E1916C4394}.Debug|x86.Build.0 = Debug|Any CPU
		{D7A1333F-B03B-4852-9EFB-E7E1916C4394}.Release|Any CPU.ActiveCfg = Release|Any CPU
		{D7A1333F-B03B-4852-9EFB-E7E1916C4394}.Release|Any CPU.Build.0 = Release|Any CPU
		{D7A1333F-B03B-4852-9EFB-E7E1916C4394}.Release|x64.ActiveCfg = Release|Any CPU
		{D7A1333F-B03B-4852-9EFB-E7E1916C4394}.Release|x64.Build.0 = Release|Any CPU
		{D7A1333F-B03B-4852-9EFB-E7E1916C4394}.Release|x86.ActiveCfg = Release|Any CPU
		{D7A1333F-B03B-4852-9EFB-E7E1916C4394}.Release|x86.Build.0 = Release|Any CPU
		{5CD7AD52-A43C-4353-8F42-1ED7A5D525B2}.Debug|Any CPU.ActiveCfg = Debug|Any CPU
		{5CD7AD52-A43C-4353-8F42-1ED7A5D525B2}.Debug|Any CPU.Build.0 = Debug|Any CPU
		{5CD7AD52-A43C-4353-8F42-1ED7A5D525B2}.Debug|x64.ActiveCfg = Debug|Any CPU
		{5CD7AD52-A43C-4353-8F42-1ED7A5D525B2}.Debug|x64.Build.0 = Debug|Any CPU
		{5CD7AD52-A43C-4353-8F42-1ED7A5D525B2}.Debug|x86.ActiveCfg = Debug|Any CPU
		{5CD7AD52-A43C-4353-8F42-1ED7A5D525B2}.Debug|x86.Build.0 = Debug|Any CPU
		{5CD7AD52-A43C-4353-8F42-1ED7A5D525B2}.Release|Any CPU.ActiveCfg = Release|Any CPU
		{5CD7AD52-A43C-4353-8F42-1ED7A5D525B2}.Release|Any CPU.Build.0 = Release|Any CPU
		{5CD7AD52-A43C-4353-8F42-1ED7A5D525B2}.Release|x64.ActiveCfg = Release|Any CPU
		{5CD7AD52-A43C-4353-8F42-1ED7A5D525B2}.Release|x64.Build.0 = Release|Any CPU
		{5CD7AD52-A43C-4353-8F42-1ED7A5D525B2}.Release|x86.ActiveCfg = Release|Any CPU
		{5CD7AD52-A43C-4353-8F42-1ED7A5D525B2}.Release|x86.Build.0 = Release|Any CPU
		{17C30C6B-2DA7-43F5-BEAE-9D649B6E79B9}.Debug|Any CPU.ActiveCfg = Debug|Any CPU
		{17C30C6B-2DA7-43F5-BEAE-9D649B6E79B9}.Debug|Any CPU.Build.0 = Debug|Any CPU
		{17C30C6B-2DA7-43F5-BEAE-9D649B6E79B9}.Debug|x64.ActiveCfg = Debug|Any CPU
		{17C30C6B-2DA7-43F5-BEAE-9D649B6E79B9}.Debug|x64.Build.0 = Debug|Any CPU
		{17C30C6B-2DA7-43F5-BEAE-9D649B6E79B9}.Debug|x86.ActiveCfg = Debug|Any CPU
		{17C30C6B-2DA7-43F5-BEAE-9D649B6E79B9}.Debug|x86.Build.0 = Debug|Any CPU
		{17C30C6B-2DA7-43F5-BEAE-9D649B6E79B9}.Release|Any CPU.ActiveCfg = Release|Any CPU
		{17C30C6B-2DA7-43F5-BEAE-9D649B6E79B9}.Release|Any CPU.Build.0 = Release|Any CPU
		{17C30C6B-2DA7-43F5-BEAE-9D649B6E79B9}.Release|x64.ActiveCfg = Release|Any CPU
		{17C30C6B-2DA7-43F5-BEAE-9D649B6E79B9}.Release|x64.Build.0 = Release|Any CPU
		{17C30C6B-2DA7-43F5-BEAE-9D649B6E79B9}.Release|x86.ActiveCfg = Release|Any CPU
		{17C30C6B-2DA7-43F5-BEAE-9D649B6E79B9}.Release|x86.Build.0 = Release|Any CPU
		{4D806A43-F725-4E01-BB9E-E518589F4830}.Debug|Any CPU.ActiveCfg = Debug|Any CPU
		{4D806A43-F725-4E01-BB9E-E518589F4830}.Debug|Any CPU.Build.0 = Debug|Any CPU
		{4D806A43-F725-4E01-BB9E-E518589F4830}.Debug|x64.ActiveCfg = Debug|Any CPU
		{4D806A43-F725-4E01-BB9E-E518589F4830}.Debug|x64.Build.0 = Debug|Any CPU
		{4D806A43-F725-4E01-BB9E-E518589F4830}.Debug|x86.ActiveCfg = Debug|Any CPU
		{4D806A43-F725-4E01-BB9E-E518589F4830}.Debug|x86.Build.0 = Debug|Any CPU
		{4D806A43-F725-4E01-BB9E-E518589F4830}.Release|Any CPU.ActiveCfg = Release|Any CPU
		{4D806A43-F725-4E01-BB9E-E518589F4830}.Release|Any CPU.Build.0 = Release|Any CPU
		{4D806A43-F725-4E01-BB9E-E518589F4830}.Release|x64.ActiveCfg = Release|Any CPU
		{4D806A43-F725-4E01-BB9E-E518589F4830}.Release|x64.Build.0 = Release|Any CPU
		{4D806A43-F725-4E01-BB9E-E518589F4830}.Release|x86.ActiveCfg = Release|Any CPU
		{4D806A43-F725-4E01-BB9E-E518589F4830}.Release|x86.Build.0 = Release|Any CPU
		{E6604BDB-3CCB-41A0-86D2-3F0C5115BD42}.Debug|Any CPU.ActiveCfg = Debug|Any CPU
		{E6604BDB-3CCB-41A0-86D2-3F0C5115BD42}.Debug|Any CPU.Build.0 = Debug|Any CPU
		{E6604BDB-3CCB-41A0-86D2-3F0C5115BD42}.Debug|x64.ActiveCfg = Debug|Any CPU
		{E6604BDB-3CCB-41A0-86D2-3F0C5115BD42}.Debug|x64.Build.0 = Debug|Any CPU
		{E6604BDB-3CCB-41A0-86D2-3F0C5115BD42}.Debug|x86.ActiveCfg = Debug|Any CPU
		{E6604BDB-3CCB-41A0-86D2-3F0C5115BD42}.Debug|x86.Build.0 = Debug|Any CPU
		{E6604BDB-3CCB-41A0-86D2-3F0C5115BD42}.Release|Any CPU.ActiveCfg = Release|Any CPU
		{E6604BDB-3CCB-41A0-86D2-3F0C5115BD42}.Release|Any CPU.Build.0 = Release|Any CPU
		{E6604BDB-3CCB-41A0-86D2-3F0C5115BD42}.Release|x64.ActiveCfg = Release|Any CPU
		{E6604BDB-3CCB-41A0-86D2-3F0C5115BD42}.Release|x64.Build.0 = Release|Any CPU
		{E6604BDB-3CCB-41A0-86D2-3F0C5115BD42}.Release|x86.ActiveCfg = Release|Any CPU
		{E6604BDB-3CCB-41A0-86D2-3F0C5115BD42}.Release|x86.Build.0 = Release|Any CPU
		{55626912-DCE1-4030-AB87-1820F99CCF1D}.Debug|Any CPU.ActiveCfg = Debug|Any CPU
		{55626912-DCE1-4030-AB87-1820F99CCF1D}.Debug|Any CPU.Build.0 = Debug|Any CPU
		{55626912-DCE1-4030-AB87-1820F99CCF1D}.Debug|x64.ActiveCfg = Debug|Any CPU
		{55626912-DCE1-4030-AB87-1820F99CCF1D}.Debug|x64.Build.0 = Debug|Any CPU
		{55626912-DCE1-4030-AB87-1820F99CCF1D}.Debug|x86.ActiveCfg = Debug|Any CPU
		{55626912-DCE1-4030-AB87-1820F99CCF1D}.Debug|x86.Build.0 = Debug|Any CPU
		{55626912-DCE1-4030-AB87-1820F99CCF1D}.Release|Any CPU.ActiveCfg = Release|Any CPU
		{55626912-DCE1-4030-AB87-1820F99CCF1D}.Release|Any CPU.Build.0 = Release|Any CPU
		{55626912-DCE1-4030-AB87-1820F99CCF1D}.Release|x64.ActiveCfg = Release|Any CPU
		{55626912-DCE1-4030-AB87-1820F99CCF1D}.Release|x64.Build.0 = Release|Any CPU
		{55626912-DCE1-4030-AB87-1820F99CCF1D}.Release|x86.ActiveCfg = Release|Any CPU
		{55626912-DCE1-4030-AB87-1820F99CCF1D}.Release|x86.Build.0 = Release|Any CPU
		{956F8BF1-AF5C-4844-B85C-4F6ED381B860}.Debug|Any CPU.ActiveCfg = Debug|Any CPU
		{956F8BF1-AF5C-4844-B85C-4F6ED381B860}.Debug|Any CPU.Build.0 = Debug|Any CPU
		{956F8BF1-AF5C-4844-B85C-4F6ED381B860}.Debug|x64.ActiveCfg = Debug|Any CPU
		{956F8BF1-AF5C-4844-B85C-4F6ED381B860}.Debug|x64.Build.0 = Debug|Any CPU
		{956F8BF1-AF5C-4844-B85C-4F6ED381B860}.Debug|x86.ActiveCfg = Debug|Any CPU
		{956F8BF1-AF5C-4844-B85C-4F6ED381B860}.Debug|x86.Build.0 = Debug|Any CPU
		{956F8BF1-AF5C-4844-B85C-4F6ED381B860}.Release|Any CPU.ActiveCfg = Release|Any CPU
		{956F8BF1-AF5C-4844-B85C-4F6ED381B860}.Release|Any CPU.Build.0 = Release|Any CPU
		{956F8BF1-AF5C-4844-B85C-4F6ED381B860}.Release|x64.ActiveCfg = Release|Any CPU
		{956F8BF1-AF5C-4844-B85C-4F6ED381B860}.Release|x64.Build.0 = Release|Any CPU
		{956F8BF1-AF5C-4844-B85C-4F6ED381B860}.Release|x86.ActiveCfg = Release|Any CPU
		{956F8BF1-AF5C-4844-B85C-4F6ED381B860}.Release|x86.Build.0 = Release|Any CPU
		{AE268D35-AEFE-4DA2-AC97-6DC6329BBDB7}.Debug|Any CPU.ActiveCfg = Debug|Any CPU
		{AE268D35-AEFE-4DA2-AC97-6DC6329BBDB7}.Debug|Any CPU.Build.0 = Debug|Any CPU
		{AE268D35-AEFE-4DA2-AC97-6DC6329BBDB7}.Debug|x64.ActiveCfg = Debug|Any CPU
		{AE268D35-AEFE-4DA2-AC97-6DC6329BBDB7}.Debug|x64.Build.0 = Debug|Any CPU
		{AE268D35-AEFE-4DA2-AC97-6DC6329BBDB7}.Debug|x86.ActiveCfg = Debug|Any CPU
		{AE268D35-AEFE-4DA2-AC97-6DC6329BBDB7}.Debug|x86.Build.0 = Debug|Any CPU
		{AE268D35-AEFE-4DA2-AC97-6DC6329BBDB7}.Release|Any CPU.ActiveCfg = Release|Any CPU
		{AE268D35-AEFE-4DA2-AC97-6DC6329BBDB7}.Release|Any CPU.Build.0 = Release|Any CPU
		{AE268D35-AEFE-4DA2-AC97-6DC6329BBDB7}.Release|x64.ActiveCfg = Release|Any CPU
		{AE268D35-AEFE-4DA2-AC97-6DC6329BBDB7}.Release|x64.Build.0 = Release|Any CPU
		{AE268D35-AEFE-4DA2-AC97-6DC6329BBDB7}.Release|x86.ActiveCfg = Release|Any CPU
		{AE268D35-AEFE-4DA2-AC97-6DC6329BBDB7}.Release|x86.Build.0 = Release|Any CPU
		{4518CFB2-BBB3-4E70-816E-BBD0508333A0}.Debug|Any CPU.ActiveCfg = Debug|Any CPU
		{4518CFB2-BBB3-4E70-816E-BBD0508333A0}.Debug|Any CPU.Build.0 = Debug|Any CPU
		{4518CFB2-BBB3-4E70-816E-BBD0508333A0}.Debug|x64.ActiveCfg = Debug|Any CPU
		{4518CFB2-BBB3-4E70-816E-BBD0508333A0}.Debug|x64.Build.0 = Debug|Any CPU
		{4518CFB2-BBB3-4E70-816E-BBD0508333A0}.Debug|x86.ActiveCfg = Debug|Any CPU
		{4518CFB2-BBB3-4E70-816E-BBD0508333A0}.Debug|x86.Build.0 = Debug|Any CPU
		{4518CFB2-BBB3-4E70-816E-BBD0508333A0}.Release|Any CPU.ActiveCfg = Release|Any CPU
		{4518CFB2-BBB3-4E70-816E-BBD0508333A0}.Release|Any CPU.Build.0 = Release|Any CPU
		{4518CFB2-BBB3-4E70-816E-BBD0508333A0}.Release|x64.ActiveCfg = Release|Any CPU
		{4518CFB2-BBB3-4E70-816E-BBD0508333A0}.Release|x64.Build.0 = Release|Any CPU
		{4518CFB2-BBB3-4E70-816E-BBD0508333A0}.Release|x86.ActiveCfg = Release|Any CPU
		{4518CFB2-BBB3-4E70-816E-BBD0508333A0}.Release|x86.Build.0 = Release|Any CPU
		{822246E6-BD41-4DA2-9903-F46145067A73}.Debug|Any CPU.ActiveCfg = Debug|Any CPU
		{822246E6-BD41-4DA2-9903-F46145067A73}.Debug|Any CPU.Build.0 = Debug|Any CPU
		{822246E6-BD41-4DA2-9903-F46145067A73}.Debug|x64.ActiveCfg = Debug|Any CPU
		{822246E6-BD41-4DA2-9903-F46145067A73}.Debug|x64.Build.0 = Debug|Any CPU
		{822246E6-BD41-4DA2-9903-F46145067A73}.Debug|x86.ActiveCfg = Debug|Any CPU
		{822246E6-BD41-4DA2-9903-F46145067A73}.Debug|x86.Build.0 = Debug|Any CPU
		{822246E6-BD41-4DA2-9903-F46145067A73}.Release|Any CPU.ActiveCfg = Release|Any CPU
		{822246E6-BD41-4DA2-9903-F46145067A73}.Release|Any CPU.Build.0 = Release|Any CPU
		{822246E6-BD41-4DA2-9903-F46145067A73}.Release|x64.ActiveCfg = Release|Any CPU
		{822246E6-BD41-4DA2-9903-F46145067A73}.Release|x64.Build.0 = Release|Any CPU
		{822246E6-BD41-4DA2-9903-F46145067A73}.Release|x86.ActiveCfg = Release|Any CPU
		{822246E6-BD41-4DA2-9903-F46145067A73}.Release|x86.Build.0 = Release|Any CPU
	EndGlobalSection
	GlobalSection(SolutionProperties) = preSolution
		HideSolutionNode = FALSE
	EndGlobalSection
	GlobalSection(NestedProjects) = preSolution
		{641287D1-9737-4FE5-A972-ADD801252991} = {159216E6-B595-3504-EED8-4788392C70CA}
		{959A1241-8EA0-49D2-9FEA-A03F0D8C6110} = {926F17C5-33CA-D07D-09F0-202F878B2791}
		{E549F2C8-4806-44AE-9A57-5D451DB74B77} = {926F17C5-33CA-D07D-09F0-202F878B2791}
		{75A14BDB-3684-4AA0-8CB0-DC90722DEDC4} = {926F17C5-33CA-D07D-09F0-202F878B2791}
		{861EEB52-336A-4CF9-B38C-3D353698824D} = {926F17C5-33CA-D07D-09F0-202F878B2791}
		{FF550020-1F6B-467C-9BD2-D0381E036AC9} = {926F17C5-33CA-D07D-09F0-202F878B2791}
		{4D806A43-F725-4E01-BB9E-E518589F4830} = {B462B6A4-1E70-A855-3297-908D6DEC03F4}
		{E6604BDB-3CCB-41A0-86D2-3F0C5115BD42} = {B462B6A4-1E70-A855-3297-908D6DEC03F4}
		{55626912-DCE1-4030-AB87-1820F99CCF1D} = {B462B6A4-1E70-A855-3297-908D6DEC03F4}
		{AE268D35-AEFE-4DA2-AC97-6DC6329BBDB7} = {C9E38149-5BD7-EF3C-64A7-D9306B4A13A7}
		{4518CFB2-BBB3-4E70-816E-BBD0508333A0} = {C9E38149-5BD7-EF3C-64A7-D9306B4A13A7}
		{822246E6-BD41-4DA2-9903-F46145067A73} = {82084E13-9158-15B1-4099-BE428DAC835F}
	EndGlobalSection
EndGlobal
