
Microsoft Visual Studio Solution File, Format Version 12.00
# Visual Studio Version 17
VisualStudioVersion = 17.14.36121.58 d17.14
MinimumVisualStudioVersion = 10.0.40219.1
Project("{FAE04EC0-301F-11D3-BF4B-00C04F79EFBC}") = "01 - OOP Basic", "01 - OOP Basic\01 - OOP Basic.csproj", "{B35BD889-FE39-412C-BDBA-AC1324609986}"
EndProject
Project("{FAE04EC0-301F-11D3-BF4B-00C04F79EFBC}") = "00 - Draw Shape Ellipse Circle Star", "00 - Draw Shape Ellipse Circle Star\00 - Draw Shape Ellipse Circle Star.csproj", "{6DD3A514-7D5B-1C75-1941-EBA99B237897}"
EndProject
Global
	GlobalSection(SolutionConfigurationPlatforms) = preSolution
		Debug|Any CPU = Debug|Any CPU
		Release|Any CPU = Release|Any CPU
	EndGlobalSection
	GlobalSection(ProjectConfigurationPlatforms) = postSolution
		{B35BD889-FE39-412C-BDBA-AC1324609986}.Debug|Any CPU.ActiveCfg = Debug|Any CPU
		{B35BD889-FE39-412C-BDBA-AC1324609986}.Debug|Any CPU.Build.0 = Debug|Any CPU
		{B35BD889-FE39-412C-BDBA-AC1324609986}.Release|Any CPU.ActiveCfg = Release|Any CPU
		{B35BD889-FE39-412C-BDBA-AC1324609986}.Release|Any CPU.Build.0 = Release|Any CPU
		{6DD3A514-7D5B-1C75-1941-EBA99B237897}.Debug|Any CPU.ActiveCfg = Debug|Any CPU
		{6DD3A514-7D5B-1C75-1941-EBA99B237897}.Debug|Any CPU.Build.0 = Debug|Any CPU
		{6DD3A514-7D5B-1C75-1941-EBA99B237897}.Release|Any CPU.ActiveCfg = Release|Any CPU
		{6DD3A514-7D5B-1C75-1941-EBA99B237897}.Release|Any CPU.Build.0 = Release|Any CPU
	EndGlobalSection
	GlobalSection(SolutionProperties) = preSolution
		HideSolutionNode = FALSE
	EndGlobalSection
	GlobalSection(ExtensibilityGlobals) = postSolution
		SolutionGuid = {2E314446-8E6E-4F05-9706-CC64ECBD1E7D}
	EndGlobalSection
EndGlobal
